// !$*UTF8*$!
{
	archiveVersion = 1;
	classes = {
	};
	objectVersion = 46;
	objects = {

/* Begin PBXBuildFile section */
		6703132616FA29E40023462C /* LiveReportDAO.m in Sources */ = {isa = PBXBuildFile; fileRef = 6703132516FA29E40023462C /* LiveReportDAO.m */; };
		6703132C16FEEA900023462C /* ToggleImageControl.m in Sources */ = {isa = PBXBuildFile; fileRef = 6703132B16FEEA900023462C /* ToggleImageControl.m */; };
		6703135516FEF6270023462C /* PrettyCustomViewTableViewCell.m in Sources */ = {isa = PBXBuildFile; fileRef = 6703133B16FEF6260023462C /* PrettyCustomViewTableViewCell.m */; settings = {COMPILER_FLAGS = "-fno-objc-arc"; }; };
		6703135616FEF6270023462C /* PrettyGridTableViewCell.m in Sources */ = {isa = PBXBuildFile; fileRef = 6703133D16FEF6260023462C /* PrettyGridTableViewCell.m */; settings = {COMPILER_FLAGS = "-fno-objc-arc"; }; };
		6703135716FEF6270023462C /* PrettySegmentedControlTableViewCell.m in Sources */ = {isa = PBXBuildFile; fileRef = 6703133F16FEF6260023462C /* PrettySegmentedControlTableViewCell.m */; settings = {COMPILER_FLAGS = "-fno-objc-arc"; }; };
		6703135816FEF6270023462C /* PrettyTableViewCell.m in Sources */ = {isa = PBXBuildFile; fileRef = 6703134116FEF6260023462C /* PrettyTableViewCell.m */; settings = {COMPILER_FLAGS = "-fno-objc-arc"; }; };
		6703135916FEF6270023462C /* PrettyDrawing.m in Sources */ = {isa = PBXBuildFile; fileRef = 6703134316FEF6260023462C /* PrettyDrawing.m */; settings = {COMPILER_FLAGS = "-fno-objc-arc"; }; };
		6703135A16FEF6270023462C /* PrettyNavigationBar.m in Sources */ = {isa = PBXBuildFile; fileRef = 6703134616FEF6260023462C /* PrettyNavigationBar.m */; settings = {COMPILER_FLAGS = "-fno-objc-arc"; }; };
		6703135B16FEF6270023462C /* PrettyShadowPlainTableview.m in Sources */ = {isa = PBXBuildFile; fileRef = 6703134816FEF6260023462C /* PrettyShadowPlainTableview.m */; settings = {COMPILER_FLAGS = "-fno-objc-arc"; }; };
		6703135C16FEF6270023462C /* PrettyTabBar.m in Sources */ = {isa = PBXBuildFile; fileRef = 6703134A16FEF6260023462C /* PrettyTabBar.m */; settings = {COMPILER_FLAGS = "-fno-objc-arc"; }; };
		6703135D16FEF6270023462C /* PrettyToolbar.m in Sources */ = {isa = PBXBuildFile; fileRef = 6703134C16FEF6260023462C /* PrettyToolbar.m */; settings = {COMPILER_FLAGS = "-fno-objc-arc"; }; };
		6703135E16FEF6270023462C /* background.png in Resources */ = {isa = PBXBuildFile; fileRef = 6703134E16FEF6270023462C /* background.png */; };
		6703135F16FEF6270023462C /* background@2x.png in Resources */ = {isa = PBXBuildFile; fileRef = 6703134F16FEF6270023462C /* background@2x.png */; };
		6703136016FEF6270023462C /* normal.png in Resources */ = {isa = PBXBuildFile; fileRef = 6703135016FEF6270023462C /* normal.png */; };
		6703136116FEF6270023462C /* selected.png in Resources */ = {isa = PBXBuildFile; fileRef = 6703135116FEF6270023462C /* selected.png */; };
		6703136D16FEF6390023462C /* FMDatabase.m in Sources */ = {isa = PBXBuildFile; fileRef = 6703136416FEF6390023462C /* FMDatabase.m */; };
		6703136E16FEF6390023462C /* FMDatabaseAdditions.m in Sources */ = {isa = PBXBuildFile; fileRef = 6703136616FEF6390023462C /* FMDatabaseAdditions.m */; };
		6703136F16FEF6390023462C /* FMDatabasePool.m in Sources */ = {isa = PBXBuildFile; fileRef = 6703136816FEF6390023462C /* FMDatabasePool.m */; };
		6703137016FEF6390023462C /* FMDatabaseQueue.m in Sources */ = {isa = PBXBuildFile; fileRef = 6703136A16FEF6390023462C /* FMDatabaseQueue.m */; };
		6703137116FEF6390023462C /* FMResultSet.m in Sources */ = {isa = PBXBuildFile; fileRef = 6703136C16FEF6390023462C /* FMResultSet.m */; };
		6703137416FEF6C40023462C /* normal@2x.png in Resources */ = {isa = PBXBuildFile; fileRef = 6703137216FEF6C40023462C /* normal@2x.png */; };
		6703137516FEF6C40023462C /* selected@2x.png in Resources */ = {isa = PBXBuildFile; fileRef = 6703137316FEF6C40023462C /* selected@2x.png */; };
		6703137816FF007F0023462C /* ImageUtil.m in Sources */ = {isa = PBXBuildFile; fileRef = 6703137716FF007F0023462C /* ImageUtil.m */; };
		6703137B16FF08E60023462C /* custom_accessory.png in Resources */ = {isa = PBXBuildFile; fileRef = 6703137916FF08E60023462C /* custom_accessory.png */; };
		6703137C16FF08E60023462C /* custom_accessory@2x.png in Resources */ = {isa = PBXBuildFile; fileRef = 6703137A16FF08E60023462C /* custom_accessory@2x.png */; };
		6703137F16FF0AF10023462C /* custom_accessory_touched.png in Resources */ = {isa = PBXBuildFile; fileRef = 6703137D16FF0AF10023462C /* custom_accessory_touched.png */; };
		6703138016FF0AF10023462C /* custom_accessory_touched@2x.png in Resources */ = {isa = PBXBuildFile; fileRef = 6703137E16FF0AF10023462C /* custom_accessory_touched@2x.png */; };
		6703138316FF22550023462C /* PostInfoUtil.m in Sources */ = {isa = PBXBuildFile; fileRef = 6703138216FF22550023462C /* PostInfoUtil.m */; };
		6703138616FF47FF0023462C /* PlaceToggleControl.m in Sources */ = {isa = PBXBuildFile; fileRef = 6703138516FF47FF0023462C /* PlaceToggleControl.m */; };
		6703138916FF48AA0023462C /* SongToggleControl.m in Sources */ = {isa = PBXBuildFile; fileRef = 6703138816FF48AA0023462C /* SongToggleControl.m */; };
		6709D47118001C1900A0DC68 /* UIDevice+VersionCheck_h.m in Sources */ = {isa = PBXBuildFile; fileRef = 6709D47018001C1900A0DC68 /* UIDevice+VersionCheck_h.m */; };
		6709D474180045C400A0DC68 /* twitter.png in Resources */ = {isa = PBXBuildFile; fileRef = 6709D472180045C400A0DC68 /* twitter.png */; };
		6709D475180045C400A0DC68 /* twitter@2x.png in Resources */ = {isa = PBXBuildFile; fileRef = 6709D473180045C400A0DC68 /* twitter@2x.png */; };
		6709D47C1800472500A0DC68 /* flogo.png in Resources */ = {isa = PBXBuildFile; fileRef = 6709D47A1800472500A0DC68 /* flogo.png */; };
		6709D47D1800472500A0DC68 /* flogo@2x.png in Resources */ = {isa = PBXBuildFile; fileRef = 6709D47B1800472500A0DC68 /* flogo@2x.png */; };
		6709D49C1800502000A0DC68 /* tarbar_icon_outline-01.png in Resources */ = {isa = PBXBuildFile; fileRef = 6709D4921800502000A0DC68 /* tarbar_icon_outline-01.png */; };
		6709D49D1800502000A0DC68 /* tarbar_icon_outline-01@2x.png in Resources */ = {isa = PBXBuildFile; fileRef = 6709D4931800502000A0DC68 /* tarbar_icon_outline-01@2x.png */; };
		6709D49E1800502000A0DC68 /* tarbar_icon_outline-02.png in Resources */ = {isa = PBXBuildFile; fileRef = 6709D4941800502000A0DC68 /* tarbar_icon_outline-02.png */; };
		6709D49F1800502000A0DC68 /* tarbar_icon_outline-02@2x.png in Resources */ = {isa = PBXBuildFile; fileRef = 6709D4951800502000A0DC68 /* tarbar_icon_outline-02@2x.png */; };
		6709D4A01800502000A0DC68 /* tarbar_icon_outline-03.png in Resources */ = {isa = PBXBuildFile; fileRef = 6709D4961800502000A0DC68 /* tarbar_icon_outline-03.png */; };
		6709D4A11800502000A0DC68 /* tarbar_icon_outline-03@2x.png in Resources */ = {isa = PBXBuildFile; fileRef = 6709D4971800502000A0DC68 /* tarbar_icon_outline-03@2x.png */; };
		6709D4A21800502000A0DC68 /* tarbar_icon_outline-04.png in Resources */ = {isa = PBXBuildFile; fileRef = 6709D4981800502000A0DC68 /* tarbar_icon_outline-04.png */; };
		6709D4A31800502000A0DC68 /* tarbar_icon_outline-04@2x.png in Resources */ = {isa = PBXBuildFile; fileRef = 6709D4991800502000A0DC68 /* tarbar_icon_outline-04@2x.png */; };
		6709D4A41800502000A0DC68 /* tarbar_icon_outline-05.png in Resources */ = {isa = PBXBuildFile; fileRef = 6709D49A1800502000A0DC68 /* tarbar_icon_outline-05.png */; };
		6709D4A51800502000A0DC68 /* tarbar_icon_outline-05@2x.png in Resources */ = {isa = PBXBuildFile; fileRef = 6709D49B1800502000A0DC68 /* tarbar_icon_outline-05@2x.png */; };
		670B189518007A4300F71545 /* normal_outline.png in Resources */ = {isa = PBXBuildFile; fileRef = 670B189118007A4300F71545 /* normal_outline.png */; };
		670B189618007A4300F71545 /* normal_outline@2x.png in Resources */ = {isa = PBXBuildFile; fileRef = 670B189218007A4300F71545 /* normal_outline@2x.png */; };
		670B189B18007C3E00F71545 /* selected_outline.png in Resources */ = {isa = PBXBuildFile; fileRef = 670B189918007C3E00F71545 /* selected_outline.png */; };
		670B189C18007C3E00F71545 /* selected_outline@2x.png in Resources */ = {isa = PBXBuildFile; fileRef = 670B189A18007C3E00F71545 /* selected_outline@2x.png */; };
		670B18A518007E8E00F71545 /* custom_accessory_outline.png in Resources */ = {isa = PBXBuildFile; fileRef = 670B18A118007E8E00F71545 /* custom_accessory_outline.png */; };
		670B18A618007E8E00F71545 /* custom_accessory_outline@2x.png in Resources */ = {isa = PBXBuildFile; fileRef = 670B18A218007E8E00F71545 /* custom_accessory_outline@2x.png */; };
		6768B06617085B9C00FD2A8F /* iAd.framework in Frameworks */ = {isa = PBXBuildFile; fileRef = 6768B06517085B9C00FD2A8F /* iAd.framework */; };
		67755E85173F559100A25B03 /* Accounts.framework in Frameworks */ = {isa = PBXBuildFile; fileRef = 67755E84173F559100A25B03 /* Accounts.framework */; };
		67755E90173F649700A25B03 /* tarbar_icon-01.png in Resources */ = {isa = PBXBuildFile; fileRef = 67755E86173F649600A25B03 /* tarbar_icon-01.png */; };
		67755E91173F649700A25B03 /* tarbar_icon-01@2x.png in Resources */ = {isa = PBXBuildFile; fileRef = 67755E87173F649600A25B03 /* tarbar_icon-01@2x.png */; };
		67755E92173F649700A25B03 /* tarbar_icon-02.png in Resources */ = {isa = PBXBuildFile; fileRef = 67755E88173F649600A25B03 /* tarbar_icon-02.png */; };
		67755E93173F649700A25B03 /* tarbar_icon-02@2x.png in Resources */ = {isa = PBXBuildFile; fileRef = 67755E89173F649600A25B03 /* tarbar_icon-02@2x.png */; };
		67755E94173F649700A25B03 /* tarbar_icon-03.png in Resources */ = {isa = PBXBuildFile; fileRef = 67755E8A173F649600A25B03 /* tarbar_icon-03.png */; };
		67755E95173F649700A25B03 /* tarbar_icon-03@2x.png in Resources */ = {isa = PBXBuildFile; fileRef = 67755E8B173F649600A25B03 /* tarbar_icon-03@2x.png */; };
		67755E96173F649700A25B03 /* tarbar_icon-04.png in Resources */ = {isa = PBXBuildFile; fileRef = 67755E8C173F649700A25B03 /* tarbar_icon-04.png */; };
		67755E97173F649700A25B03 /* tarbar_icon-04@2x.png in Resources */ = {isa = PBXBuildFile; fileRef = 67755E8D173F649700A25B03 /* tarbar_icon-04@2x.png */; };
		67755E98173F649700A25B03 /* tarbar_icon-05.png in Resources */ = {isa = PBXBuildFile; fileRef = 67755E8E173F649700A25B03 /* tarbar_icon-05.png */; };
		67755E99173F649700A25B03 /* tarbar_icon-05@2x.png in Resources */ = {isa = PBXBuildFile; fileRef = 67755E8F173F649700A25B03 /* tarbar_icon-05@2x.png */; };
		67755EC0173F767900A25B03 /* Localizable.strings in Resources */ = {isa = PBXBuildFile; fileRef = 67755EC2173F767900A25B03 /* Localizable.strings */; };
		677C90901703A2DE003E549D /* UIImage+Resize.m in Sources */ = {isa = PBXBuildFile; fileRef = 677C908F1703A2DE003E549D /* UIImage+Resize.m */; };
		677C90931703A912003E549D /* SocialViewController.m in Sources */ = {isa = PBXBuildFile; fileRef = 677C90921703A912003E549D /* SocialViewController.m */; };
		677C90961703A934003E549D /* PostListViewController.m in Sources */ = {isa = PBXBuildFile; fileRef = 677C90951703A934003E549D /* PostListViewController.m */; };
		677C90991703A942003E549D /* InfoViewController.m in Sources */ = {isa = PBXBuildFile; fileRef = 677C90981703A942003E549D /* InfoViewController.m */; };
		677C909F1703ADA8003E549D /* SongDetailViewController.m in Sources */ = {isa = PBXBuildFile; fileRef = 677C909E1703ADA8003E549D /* SongDetailViewController.m */; };
		677C90C51703BDDA003E549D /* 3B_1.jpg in Resources */ = {isa = PBXBuildFile; fileRef = 677C90A01703BDDA003E549D /* 3B_1.jpg */; };
		677C90C61703BDDA003E549D /* 3B_2.jpg in Resources */ = {isa = PBXBuildFile; fileRef = 677C90A11703BDDA003E549D /* 3B_2.jpg */; };
		677C90C71703BDDA003E549D /* 3B_3.jpg in Resources */ = {isa = PBXBuildFile; fileRef = 677C90A21703BDDA003E549D /* 3B_3.jpg */; };
		677C90C81703BDDA003E549D /* 3B_4.jpg in Resources */ = {isa = PBXBuildFile; fileRef = 677C90A31703BDDA003E549D /* 3B_4.jpg */; };
		677C90C91703BDDA003E549D /* 3B_5.jpg in Resources */ = {isa = PBXBuildFile; fileRef = 677C90A41703BDDA003E549D /* 3B_5.jpg */; };
		677C90CA1703BDDA003E549D /* 3B_6.jpg in Resources */ = {isa = PBXBuildFile; fileRef = 677C90A51703BDDA003E549D /* 3B_6.jpg */; };
		677C90CB1703BDDA003E549D /* 3B_7.jpg in Resources */ = {isa = PBXBuildFile; fileRef = 677C90A61703BDDA003E549D /* 3B_7.jpg */; };
		677C90CC1703BDDA003E549D /* 3B_8.jpg in Resources */ = {isa = PBXBuildFile; fileRef = 677C90A71703BDDA003E549D /* 3B_8.jpg */; };
		677C90CD1703BDDA003E549D /* 3B_9.jpg in Resources */ = {isa = PBXBuildFile; fileRef = 677C90A81703BDDA003E549D /* 3B_9.jpg */; };
		677C90CE1703BDDA003E549D /* 3B_10.jpg in Resources */ = {isa = PBXBuildFile; fileRef = 677C90A91703BDDA003E549D /* 3B_10.jpg */; };
		677C90CF1703BDDA003E549D /* 3B_11.jpg in Resources */ = {isa = PBXBuildFile; fileRef = 677C90AA1703BDDA003E549D /* 3B_11.jpg */; };
		677C90D01703BDDA003E549D /* 3B_12.jpg in Resources */ = {isa = PBXBuildFile; fileRef = 677C90AB1703BDDA003E549D /* 3B_12.jpg */; };
		677C90D11703BDDA003E549D /* 3B_13.jpg in Resources */ = {isa = PBXBuildFile; fileRef = 677C90AC1703BDDA003E549D /* 3B_13.jpg */; };
		677C90D21703BDDA003E549D /* 3B_14.jpg in Resources */ = {isa = PBXBuildFile; fileRef = 677C90AD1703BDDA003E549D /* 3B_14.jpg */; };
		677C90D31703BDDA003E549D /* 3B_15.jpg in Resources */ = {isa = PBXBuildFile; fileRef = 677C90AE1703BDDA003E549D /* 3B_15.jpg */; };
		677C90D41703BDDA003E549D /* 3B_16.jpg in Resources */ = {isa = PBXBuildFile; fileRef = 677C90AF1703BDDA003E549D /* 3B_16.jpg */; };
		677C90D51703BDDA003E549D /* 3B_17.jpg in Resources */ = {isa = PBXBuildFile; fileRef = 677C90B01703BDDA003E549D /* 3B_17.jpg */; };
		677C90D61703BDDA003E549D /* 3B_18.jpg in Resources */ = {isa = PBXBuildFile; fileRef = 677C90B11703BDDA003E549D /* 3B_18.jpg */; };
		677C90D71703BDDA003E549D /* 19_1.jpg in Resources */ = {isa = PBXBuildFile; fileRef = 677C90B21703BDDA003E549D /* 19_1.jpg */; };
		677C90D81703BDDA003E549D /* 19_2.jpg in Resources */ = {isa = PBXBuildFile; fileRef = 677C90B31703BDDA003E549D /* 19_2.jpg */; };
		677C90D91703BDDA003E549D /* 19_3.jpg in Resources */ = {isa = PBXBuildFile; fileRef = 677C90B41703BDDA003E549D /* 19_3.jpg */; };
		677C90DA1703BDDA003E549D /* 19_4.jpg in Resources */ = {isa = PBXBuildFile; fileRef = 677C90B51703BDDA003E549D /* 19_4.jpg */; };
		677C90DB1703BDDA003E549D /* 19_5.jpg in Resources */ = {isa = PBXBuildFile; fileRef = 677C90B61703BDDA003E549D /* 19_5.jpg */; };
		677C90DC1703BDDA003E549D /* 19_6.jpg in Resources */ = {isa = PBXBuildFile; fileRef = 677C90B71703BDDA003E549D /* 19_6.jpg */; };
		677C90DD1703BDDA003E549D /* 19_7.jpg in Resources */ = {isa = PBXBuildFile; fileRef = 677C90B81703BDDA003E549D /* 19_7.jpg */; };
		677C90DE1703BDDA003E549D /* 19_8.jpg in Resources */ = {isa = PBXBuildFile; fileRef = 677C90B91703BDDA003E549D /* 19_8.jpg */; };
		677C90DF1703BDDA003E549D /* 19_9.jpg in Resources */ = {isa = PBXBuildFile; fileRef = 677C90BA1703BDDA003E549D /* 19_9.jpg */; };
		677C90E01703BDDA003E549D /* 19_10.jpg in Resources */ = {isa = PBXBuildFile; fileRef = 677C90BB1703BDDA003E549D /* 19_10.jpg */; };
		677C90E11703BDDA003E549D /* 19_11.jpg in Resources */ = {isa = PBXBuildFile; fileRef = 677C90BC1703BDDA003E549D /* 19_11.jpg */; };
		677C90E21703BDDA003E549D /* OK_1.jpg in Resources */ = {isa = PBXBuildFile; fileRef = 677C90BD1703BDDA003E549D /* OK_1.jpg */; };
		677C90E31703BDDA003E549D /* OK_2.jpg in Resources */ = {isa = PBXBuildFile; fileRef = 677C90BE1703BDDA003E549D /* OK_2.jpg */; };
		677C90E41703BDDA003E549D /* OK_3.jpg in Resources */ = {isa = PBXBuildFile; fileRef = 677C90BF1703BDDA003E549D /* OK_3.jpg */; };
		677C90E51703BDDA003E549D /* OK_4.jpg in Resources */ = {isa = PBXBuildFile; fileRef = 677C90C01703BDDA003E549D /* OK_4.jpg */; };
		677C90E61703BDDA003E549D /* OK_5.jpg in Resources */ = {isa = PBXBuildFile; fileRef = 677C90C11703BDDA003E549D /* OK_5.jpg */; };
		677C90E71703BDDA003E549D /* OK_6.jpg in Resources */ = {isa = PBXBuildFile; fileRef = 677C90C21703BDDA003E549D /* OK_6.jpg */; };
		677C90E81703BDDA003E549D /* OK_7.jpg in Resources */ = {isa = PBXBuildFile; fileRef = 677C90C31703BDDA003E549D /* OK_7.jpg */; };
		677C90E91703BDDA003E549D /* SF_1.jpg in Resources */ = {isa = PBXBuildFile; fileRef = 677C90C41703BDDA003E549D /* SF_1.jpg */; };
		677C90EB1703E8E2003E549D /* Social.framework in Frameworks */ = {isa = PBXBuildFile; fileRef = 677C90EA1703E8E2003E549D /* Social.framework */; };
		677C91061703F758003E549D /* EGORefreshTableHeaderView.m in Sources */ = {isa = PBXBuildFile; fileRef = 677C90FC1703F758003E549D /* EGORefreshTableHeaderView.m */; settings = {COMPILER_FLAGS = "-fno-objc-arc"; }; };
		677C91071703F758003E549D /* blackArrow.png in Resources */ = {isa = PBXBuildFile; fileRef = 677C90FE1703F758003E549D /* blackArrow.png */; };
		677C91081703F758003E549D /* blackArrow@2x.png in Resources */ = {isa = PBXBuildFile; fileRef = 677C90FF1703F758003E549D /* blackArrow@2x.png */; };
		677C91091703F758003E549D /* blueArrow.png in Resources */ = {isa = PBXBuildFile; fileRef = 677C91001703F758003E549D /* blueArrow.png */; };
		677C910A1703F758003E549D /* blueArrow@2x.png in Resources */ = {isa = PBXBuildFile; fileRef = 677C91011703F758003E549D /* blueArrow@2x.png */; };
		677C910B1703F758003E549D /* grayArrow.png in Resources */ = {isa = PBXBuildFile; fileRef = 677C91021703F758003E549D /* grayArrow.png */; };
		677C910C1703F758003E549D /* grayArrow@2x.png in Resources */ = {isa = PBXBuildFile; fileRef = 677C91031703F758003E549D /* grayArrow@2x.png */; };
		677C910D1703F758003E549D /* whiteArrow.png in Resources */ = {isa = PBXBuildFile; fileRef = 677C91041703F758003E549D /* whiteArrow.png */; };
		677C910E1703F758003E549D /* whiteArrow@2x.png in Resources */ = {isa = PBXBuildFile; fileRef = 677C91051703F758003E549D /* whiteArrow@2x.png */; };
		677C91321704154D003E549D /* TweetData.m in Sources */ = {isa = PBXBuildFile; fileRef = 677C91311704154D003E549D /* TweetData.m */; };
		677C913617041646003E549D /* TwitterTableViewCell.m in Sources */ = {isa = PBXBuildFile; fileRef = 677C913517041646003E549D /* TwitterTableViewCell.m */; };
		6782427D17042C9900482B88 /* HttpClient.m in Sources */ = {isa = PBXBuildFile; fileRef = 6782427617042C9900482B88 /* HttpClient.m */; settings = {COMPILER_FLAGS = "-fno-objc-arc"; }; };
		6782427E17042C9900482B88 /* ImageDownloader.m in Sources */ = {isa = PBXBuildFile; fileRef = 6782427817042C9900482B88 /* ImageDownloader.m */; settings = {COMPILER_FLAGS = "-fno-objc-arc"; }; };
		6782427F17042C9900482B88 /* ImageStore.m in Sources */ = {isa = PBXBuildFile; fileRef = 6782427A17042C9900482B88 /* ImageStore.m */; settings = {COMPILER_FLAGS = "-fno-objc-arc"; }; };
		6782428017042C9900482B88 /* StringHelper.m in Sources */ = {isa = PBXBuildFile; fileRef = 6782427C17042C9900482B88 /* StringHelper.m */; settings = {COMPILER_FLAGS = "-fno-objc-arc"; }; };
		67824283170433D500482B88 /* nouser.png in Resources */ = {isa = PBXBuildFile; fileRef = 67824281170433D500482B88 /* nouser.png */; };
		67824284170433D500482B88 /* nouser@2x.png in Resources */ = {isa = PBXBuildFile; fileRef = 67824282170433D500482B88 /* nouser@2x.png */; };
		679044B716F9CDFC002D29FA /* QuartzCore.framework in Frameworks */ = {isa = PBXBuildFile; fileRef = 679044B616F9CDFC002D29FA /* QuartzCore.framework */; };
		679044C216F9F542002D29FA /* PlaceViewController.m in Sources */ = {isa = PBXBuildFile; fileRef = 679044C116F9F541002D29FA /* PlaceViewController.m */; };
		679044C516F9F592002D29FA /* SongViewController.m in Sources */ = {isa = PBXBuildFile; fileRef = 679044C416F9F592002D29FA /* SongViewController.m */; };
		67CC298B18017EF3006C7E65 /* Images.xcassets in Resources */ = {isa = PBXBuildFile; fileRef = 67CC298A18017EF3006C7E65 /* Images.xcassets */; };
		67DC1E4716F8A27700D73D1E /* UIKit.framework in Frameworks */ = {isa = PBXBuildFile; fileRef = 67DC1E4616F8A27700D73D1E /* UIKit.framework */; };
		67DC1E4916F8A27800D73D1E /* Foundation.framework in Frameworks */ = {isa = PBXBuildFile; fileRef = 67DC1E4816F8A27700D73D1E /* Foundation.framework */; };
		67DC1E4B16F8A27800D73D1E /* CoreGraphics.framework in Frameworks */ = {isa = PBXBuildFile; fileRef = 67DC1E4A16F8A27800D73D1E /* CoreGraphics.framework */; };
		67DC1E5116F8A27900D73D1E /* InfoPlist.strings in Resources */ = {isa = PBXBuildFile; fileRef = 67DC1E4F16F8A27900D73D1E /* InfoPlist.strings */; };
		67DC1E5316F8A27900D73D1E /* main.m in Sources */ = {isa = PBXBuildFile; fileRef = 67DC1E5216F8A27900D73D1E /* main.m */; };
		67DC1E5716F8A27A00D73D1E /* AppDelegate.m in Sources */ = {isa = PBXBuildFile; fileRef = 67DC1E5616F8A27A00D73D1E /* AppDelegate.m */; };
		67DC1E6016F8A27D00D73D1E /* MainStoryboard_iPhone.storyboard in Resources */ = {isa = PBXBuildFile; fileRef = 67DC1E5E16F8A27D00D73D1E /* MainStoryboard_iPhone.storyboard */; };
		67DC1E6316F8A27D00D73D1E /* MainStoryboard_iPad.storyboard in Resources */ = {isa = PBXBuildFile; fileRef = 67DC1E6116F8A27D00D73D1E /* MainStoryboard_iPad.storyboard */; };
		67DC1E7916F8A28100D73D1E /* SenTestingKit.framework in Frameworks */ = {isa = PBXBuildFile; fileRef = 67DC1E7816F8A28100D73D1E /* SenTestingKit.framework */; };
		67DC1E7A16F8A28100D73D1E /* UIKit.framework in Frameworks */ = {isa = PBXBuildFile; fileRef = 67DC1E4616F8A27700D73D1E /* UIKit.framework */; };
		67DC1E7B16F8A28100D73D1E /* Foundation.framework in Frameworks */ = {isa = PBXBuildFile; fileRef = 67DC1E4816F8A27700D73D1E /* Foundation.framework */; };
		67DC1E8316F8A28200D73D1E /* InfoPlist.strings in Resources */ = {isa = PBXBuildFile; fileRef = 67DC1E8116F8A28200D73D1E /* InfoPlist.strings */; };
		67DC1E8616F8A28300D73D1E /* LiveReport2013Tests.m in Sources */ = {isa = PBXBuildFile; fileRef = 67DC1E8516F8A28300D73D1E /* LiveReport2013Tests.m */; };
		67DC1E9216F8C04600D73D1E /* libsqlite3.0.dylib in Frameworks */ = {isa = PBXBuildFile; fileRef = 67DC1E9116F8C04600D73D1E /* libsqlite3.0.dylib */; };
		67DC1E9416F8C32F00D73D1E /* FacebookSDK.framework in Frameworks */ = {isa = PBXBuildFile; fileRef = 67DC1E9316F8C32F00D73D1E /* FacebookSDK.framework */; };
		67DC1E9516F8C33700D73D1E /* livereport2013.db in Resources */ = {isa = PBXBuildFile; fileRef = 67DC1E8F16F8BD8C00D73D1E /* livereport2013.db */; };
		67DC1E9716F8C35C00D73D1E /* FacebookSDKResources.bundle in Resources */ = {isa = PBXBuildFile; fileRef = 67DC1E9616F8C35C00D73D1E /* FacebookSDKResources.bundle */; };
/* End PBXBuildFile section */

/* Begin PBXContainerItemProxy section */
		67DC1E7C16F8A28100D73D1E /* PBXContainerItemProxy */ = {
			isa = PBXContainerItemProxy;
			containerPortal = 67DC1E3B16F8A27600D73D1E /* Project object */;
			proxyType = 1;
			remoteGlobalIDString = 67DC1E4216F8A27600D73D1E;
			remoteInfo = LiveReport2013;
		};
/* End PBXContainerItemProxy section */

/* Begin PBXFileReference section */
		6703132416FA29E40023462C /* LiveReportDAO.h */ = {isa = PBXFileReference; fileEncoding = 4; lastKnownFileType = sourcecode.c.h; path = LiveReportDAO.h; sourceTree = "<group>"; };
		6703132516FA29E40023462C /* LiveReportDAO.m */ = {isa = PBXFileReference; fileEncoding = 4; lastKnownFileType = sourcecode.c.objc; path = LiveReportDAO.m; sourceTree = "<group>"; };
		6703132A16FEEA900023462C /* ToggleImageControl.h */ = {isa = PBXFileReference; fileEncoding = 4; lastKnownFileType = sourcecode.c.h; path = ToggleImageControl.h; sourceTree = "<group>"; };
		6703132B16FEEA900023462C /* ToggleImageControl.m */ = {isa = PBXFileReference; fileEncoding = 4; lastKnownFileType = sourcecode.c.objc; path = ToggleImageControl.m; sourceTree = "<group>"; };
		6703133A16FEF6260023462C /* PrettyCustomViewTableViewCell.h */ = {isa = PBXFileReference; fileEncoding = 4; lastKnownFileType = sourcecode.c.h; path = PrettyCustomViewTableViewCell.h; sourceTree = "<group>"; };
		6703133B16FEF6260023462C /* PrettyCustomViewTableViewCell.m */ = {isa = PBXFileReference; fileEncoding = 4; lastKnownFileType = sourcecode.c.objc; path = PrettyCustomViewTableViewCell.m; sourceTree = "<group>"; };
		6703133C16FEF6260023462C /* PrettyGridTableViewCell.h */ = {isa = PBXFileReference; fileEncoding = 4; lastKnownFileType = sourcecode.c.h; path = PrettyGridTableViewCell.h; sourceTree = "<group>"; };
		6703133D16FEF6260023462C /* PrettyGridTableViewCell.m */ = {isa = PBXFileReference; fileEncoding = 4; lastKnownFileType = sourcecode.c.objc; path = PrettyGridTableViewCell.m; sourceTree = "<group>"; };
		6703133E16FEF6260023462C /* PrettySegmentedControlTableViewCell.h */ = {isa = PBXFileReference; fileEncoding = 4; lastKnownFileType = sourcecode.c.h; path = PrettySegmentedControlTableViewCell.h; sourceTree = "<group>"; };
		6703133F16FEF6260023462C /* PrettySegmentedControlTableViewCell.m */ = {isa = PBXFileReference; fileEncoding = 4; lastKnownFileType = sourcecode.c.objc; path = PrettySegmentedControlTableViewCell.m; sourceTree = "<group>"; };
		6703134016FEF6260023462C /* PrettyTableViewCell.h */ = {isa = PBXFileReference; fileEncoding = 4; lastKnownFileType = sourcecode.c.h; path = PrettyTableViewCell.h; sourceTree = "<group>"; };
		6703134116FEF6260023462C /* PrettyTableViewCell.m */ = {isa = PBXFileReference; fileEncoding = 4; lastKnownFileType = sourcecode.c.objc; path = PrettyTableViewCell.m; sourceTree = "<group>"; };
		6703134216FEF6260023462C /* PrettyDrawing.h */ = {isa = PBXFileReference; fileEncoding = 4; lastKnownFileType = sourcecode.c.h; path = PrettyDrawing.h; sourceTree = "<group>"; };
		6703134316FEF6260023462C /* PrettyDrawing.m */ = {isa = PBXFileReference; fileEncoding = 4; lastKnownFileType = sourcecode.c.objc; path = PrettyDrawing.m; sourceTree = "<group>"; };
		6703134416FEF6260023462C /* PrettyKit.h */ = {isa = PBXFileReference; fileEncoding = 4; lastKnownFileType = sourcecode.c.h; path = PrettyKit.h; sourceTree = "<group>"; };
		6703134516FEF6260023462C /* PrettyNavigationBar.h */ = {isa = PBXFileReference; fileEncoding = 4; lastKnownFileType = sourcecode.c.h; path = PrettyNavigationBar.h; sourceTree = "<group>"; };
		6703134616FEF6260023462C /* PrettyNavigationBar.m */ = {isa = PBXFileReference; fileEncoding = 4; lastKnownFileType = sourcecode.c.objc; path = PrettyNavigationBar.m; sourceTree = "<group>"; };
		6703134716FEF6260023462C /* PrettyShadowPlainTableview.h */ = {isa = PBXFileReference; fileEncoding = 4; lastKnownFileType = sourcecode.c.h; path = PrettyShadowPlainTableview.h; sourceTree = "<group>"; };
		6703134816FEF6260023462C /* PrettyShadowPlainTableview.m */ = {isa = PBXFileReference; fileEncoding = 4; lastKnownFileType = sourcecode.c.objc; path = PrettyShadowPlainTableview.m; sourceTree = "<group>"; };
		6703134916FEF6260023462C /* PrettyTabBar.h */ = {isa = PBXFileReference; fileEncoding = 4; lastKnownFileType = sourcecode.c.h; path = PrettyTabBar.h; sourceTree = "<group>"; };
		6703134A16FEF6260023462C /* PrettyTabBar.m */ = {isa = PBXFileReference; fileEncoding = 4; lastKnownFileType = sourcecode.c.objc; path = PrettyTabBar.m; sourceTree = "<group>"; };
		6703134B16FEF6260023462C /* PrettyToolbar.h */ = {isa = PBXFileReference; fileEncoding = 4; lastKnownFileType = sourcecode.c.h; path = PrettyToolbar.h; sourceTree = "<group>"; };
		6703134C16FEF6260023462C /* PrettyToolbar.m */ = {isa = PBXFileReference; fileEncoding = 4; lastKnownFileType = sourcecode.c.objc; path = PrettyToolbar.m; sourceTree = "<group>"; };
		6703134E16FEF6270023462C /* background.png */ = {isa = PBXFileReference; lastKnownFileType = image.png; path = background.png; sourceTree = "<group>"; };
		6703134F16FEF6270023462C /* background@2x.png */ = {isa = PBXFileReference; lastKnownFileType = image.png; path = "background@2x.png"; sourceTree = "<group>"; };
		6703135016FEF6270023462C /* normal.png */ = {isa = PBXFileReference; lastKnownFileType = image.png; path = normal.png; sourceTree = "<group>"; };
		6703135116FEF6270023462C /* selected.png */ = {isa = PBXFileReference; lastKnownFileType = image.png; path = selected.png; sourceTree = "<group>"; };
		6703136316FEF6390023462C /* FMDatabase.h */ = {isa = PBXFileReference; fileEncoding = 4; lastKnownFileType = sourcecode.c.h; path = FMDatabase.h; sourceTree = "<group>"; };
		6703136416FEF6390023462C /* FMDatabase.m */ = {isa = PBXFileReference; fileEncoding = 4; lastKnownFileType = sourcecode.c.objc; path = FMDatabase.m; sourceTree = "<group>"; };
		6703136516FEF6390023462C /* FMDatabaseAdditions.h */ = {isa = PBXFileReference; fileEncoding = 4; lastKnownFileType = sourcecode.c.h; path = FMDatabaseAdditions.h; sourceTree = "<group>"; };
		6703136616FEF6390023462C /* FMDatabaseAdditions.m */ = {isa = PBXFileReference; fileEncoding = 4; lastKnownFileType = sourcecode.c.objc; path = FMDatabaseAdditions.m; sourceTree = "<group>"; };
		6703136716FEF6390023462C /* FMDatabasePool.h */ = {isa = PBXFileReference; fileEncoding = 4; lastKnownFileType = sourcecode.c.h; path = FMDatabasePool.h; sourceTree = "<group>"; };
		6703136816FEF6390023462C /* FMDatabasePool.m */ = {isa = PBXFileReference; fileEncoding = 4; lastKnownFileType = sourcecode.c.objc; path = FMDatabasePool.m; sourceTree = "<group>"; };
		6703136916FEF6390023462C /* FMDatabaseQueue.h */ = {isa = PBXFileReference; fileEncoding = 4; lastKnownFileType = sourcecode.c.h; path = FMDatabaseQueue.h; sourceTree = "<group>"; };
		6703136A16FEF6390023462C /* FMDatabaseQueue.m */ = {isa = PBXFileReference; fileEncoding = 4; lastKnownFileType = sourcecode.c.objc; path = FMDatabaseQueue.m; sourceTree = "<group>"; };
		6703136B16FEF6390023462C /* FMResultSet.h */ = {isa = PBXFileReference; fileEncoding = 4; lastKnownFileType = sourcecode.c.h; path = FMResultSet.h; sourceTree = "<group>"; };
		6703136C16FEF6390023462C /* FMResultSet.m */ = {isa = PBXFileReference; fileEncoding = 4; lastKnownFileType = sourcecode.c.objc; path = FMResultSet.m; sourceTree = "<group>"; };
		6703137216FEF6C40023462C /* normal@2x.png */ = {isa = PBXFileReference; lastKnownFileType = image.png; path = "normal@2x.png"; sourceTree = "<group>"; };
		6703137316FEF6C40023462C /* selected@2x.png */ = {isa = PBXFileReference; lastKnownFileType = image.png; path = "selected@2x.png"; sourceTree = "<group>"; };
		6703137616FF007F0023462C /* ImageUtil.h */ = {isa = PBXFileReference; fileEncoding = 4; lastKnownFileType = sourcecode.c.h; path = ImageUtil.h; sourceTree = "<group>"; };
		6703137716FF007F0023462C /* ImageUtil.m */ = {isa = PBXFileReference; fileEncoding = 4; lastKnownFileType = sourcecode.c.objc; path = ImageUtil.m; sourceTree = "<group>"; };
		6703137916FF08E60023462C /* custom_accessory.png */ = {isa = PBXFileReference; lastKnownFileType = image.png; path = custom_accessory.png; sourceTree = "<group>"; };
		6703137A16FF08E60023462C /* custom_accessory@2x.png */ = {isa = PBXFileReference; lastKnownFileType = image.png; path = "custom_accessory@2x.png"; sourceTree = "<group>"; };
		6703137D16FF0AF10023462C /* custom_accessory_touched.png */ = {isa = PBXFileReference; lastKnownFileType = image.png; path = custom_accessory_touched.png; sourceTree = "<group>"; };
		6703137E16FF0AF10023462C /* custom_accessory_touched@2x.png */ = {isa = PBXFileReference; lastKnownFileType = image.png; path = "custom_accessory_touched@2x.png"; sourceTree = "<group>"; };
		6703138116FF22550023462C /* PostInfoUtil.h */ = {isa = PBXFileReference; fileEncoding = 4; lastKnownFileType = sourcecode.c.h; path = PostInfoUtil.h; sourceTree = "<group>"; };
		6703138216FF22550023462C /* PostInfoUtil.m */ = {isa = PBXFileReference; fileEncoding = 4; lastKnownFileType = sourcecode.c.objc; path = PostInfoUtil.m; sourceTree = "<group>"; };
		6703138416FF47FF0023462C /* PlaceToggleControl.h */ = {isa = PBXFileReference; fileEncoding = 4; lastKnownFileType = sourcecode.c.h; path = PlaceToggleControl.h; sourceTree = "<group>"; };
		6703138516FF47FF0023462C /* PlaceToggleControl.m */ = {isa = PBXFileReference; fileEncoding = 4; lastKnownFileType = sourcecode.c.objc; path = PlaceToggleControl.m; sourceTree = "<group>"; };
		6703138716FF48AA0023462C /* SongToggleControl.h */ = {isa = PBXFileReference; fileEncoding = 4; lastKnownFileType = sourcecode.c.h; path = SongToggleControl.h; sourceTree = "<group>"; };
		6703138816FF48AA0023462C /* SongToggleControl.m */ = {isa = PBXFileReference; fileEncoding = 4; lastKnownFileType = sourcecode.c.objc; path = SongToggleControl.m; sourceTree = "<group>"; };
		6709D46F18001C1900A0DC68 /* UIDevice+VersionCheck_h.h */ = {isa = PBXFileReference; fileEncoding = 4; lastKnownFileType = sourcecode.c.h; path = "UIDevice+VersionCheck_h.h"; sourceTree = "<group>"; };
		6709D47018001C1900A0DC68 /* UIDevice+VersionCheck_h.m */ = {isa = PBXFileReference; fileEncoding = 4; lastKnownFileType = sourcecode.c.objc; path = "UIDevice+VersionCheck_h.m"; sourceTree = "<group>"; };
		6709D472180045C400A0DC68 /* twitter.png */ = {isa = PBXFileReference; lastKnownFileType = image.png; path = twitter.png; sourceTree = "<group>"; };
		6709D473180045C400A0DC68 /* twitter@2x.png */ = {isa = PBXFileReference; lastKnownFileType = image.png; path = "twitter@2x.png"; sourceTree = "<group>"; };
		6709D47A1800472500A0DC68 /* flogo.png */ = {isa = PBXFileReference; lastKnownFileType = image.png; path = flogo.png; sourceTree = "<group>"; };
		6709D47B1800472500A0DC68 /* flogo@2x.png */ = {isa = PBXFileReference; lastKnownFileType = image.png; path = "flogo@2x.png"; sourceTree = "<group>"; };
		6709D4921800502000A0DC68 /* tarbar_icon_outline-01.png */ = {isa = PBXFileReference; lastKnownFileType = image.png; path = "tarbar_icon_outline-01.png"; sourceTree = "<group>"; };
		6709D4931800502000A0DC68 /* tarbar_icon_outline-01@2x.png */ = {isa = PBXFileReference; lastKnownFileType = image.png; path = "tarbar_icon_outline-01@2x.png"; sourceTree = "<group>"; };
		6709D4941800502000A0DC68 /* tarbar_icon_outline-02.png */ = {isa = PBXFileReference; lastKnownFileType = image.png; path = "tarbar_icon_outline-02.png"; sourceTree = "<group>"; };
		6709D4951800502000A0DC68 /* tarbar_icon_outline-02@2x.png */ = {isa = PBXFileReference; lastKnownFileType = image.png; path = "tarbar_icon_outline-02@2x.png"; sourceTree = "<group>"; };
		6709D4961800502000A0DC68 /* tarbar_icon_outline-03.png */ = {isa = PBXFileReference; lastKnownFileType = image.png; path = "tarbar_icon_outline-03.png"; sourceTree = "<group>"; };
		6709D4971800502000A0DC68 /* tarbar_icon_outline-03@2x.png */ = {isa = PBXFileReference; lastKnownFileType = image.png; path = "tarbar_icon_outline-03@2x.png"; sourceTree = "<group>"; };
		6709D4981800502000A0DC68 /* tarbar_icon_outline-04.png */ = {isa = PBXFileReference; lastKnownFileType = image.png; path = "tarbar_icon_outline-04.png"; sourceTree = "<group>"; };
		6709D4991800502000A0DC68 /* tarbar_icon_outline-04@2x.png */ = {isa = PBXFileReference; lastKnownFileType = image.png; path = "tarbar_icon_outline-04@2x.png"; sourceTree = "<group>"; };
		6709D49A1800502000A0DC68 /* tarbar_icon_outline-05.png */ = {isa = PBXFileReference; lastKnownFileType = image.png; path = "tarbar_icon_outline-05.png"; sourceTree = "<group>"; };
		6709D49B1800502000A0DC68 /* tarbar_icon_outline-05@2x.png */ = {isa = PBXFileReference; lastKnownFileType = image.png; path = "tarbar_icon_outline-05@2x.png"; sourceTree = "<group>"; };
		670B189118007A4300F71545 /* normal_outline.png */ = {isa = PBXFileReference; lastKnownFileType = image.png; path = normal_outline.png; sourceTree = "<group>"; };
		670B189218007A4300F71545 /* normal_outline@2x.png */ = {isa = PBXFileReference; lastKnownFileType = image.png; path = "normal_outline@2x.png"; sourceTree = "<group>"; };
		670B189918007C3E00F71545 /* selected_outline.png */ = {isa = PBXFileReference; lastKnownFileType = image.png; path = selected_outline.png; sourceTree = "<group>"; };
		670B189A18007C3E00F71545 /* selected_outline@2x.png */ = {isa = PBXFileReference; lastKnownFileType = image.png; path = "selected_outline@2x.png"; sourceTree = "<group>"; };
		670B18A118007E8E00F71545 /* custom_accessory_outline.png */ = {isa = PBXFileReference; lastKnownFileType = image.png; path = custom_accessory_outline.png; sourceTree = "<group>"; };
		670B18A218007E8E00F71545 /* custom_accessory_outline@2x.png */ = {isa = PBXFileReference; lastKnownFileType = image.png; path = "custom_accessory_outline@2x.png"; sourceTree = "<group>"; };
		6768B06517085B9C00FD2A8F /* iAd.framework */ = {isa = PBXFileReference; lastKnownFileType = wrapper.framework; name = iAd.framework; path = System/Library/Frameworks/iAd.framework; sourceTree = SDKROOT; };
		67755E84173F559100A25B03 /* Accounts.framework */ = {isa = PBXFileReference; lastKnownFileType = wrapper.framework; name = Accounts.framework; path = System/Library/Frameworks/Accounts.framework; sourceTree = SDKROOT; };
		67755E86173F649600A25B03 /* tarbar_icon-01.png */ = {isa = PBXFileReference; lastKnownFileType = image.png; path = "tarbar_icon-01.png"; sourceTree = "<group>"; };
		67755E87173F649600A25B03 /* tarbar_icon-01@2x.png */ = {isa = PBXFileReference; lastKnownFileType = image.png; path = "tarbar_icon-01@2x.png"; sourceTree = "<group>"; };
		67755E88173F649600A25B03 /* tarbar_icon-02.png */ = {isa = PBXFileReference; lastKnownFileType = image.png; path = "tarbar_icon-02.png"; sourceTree = "<group>"; };
		67755E89173F649600A25B03 /* tarbar_icon-02@2x.png */ = {isa = PBXFileReference; lastKnownFileType = image.png; path = "tarbar_icon-02@2x.png"; sourceTree = "<group>"; };
		67755E8A173F649600A25B03 /* tarbar_icon-03.png */ = {isa = PBXFileReference; lastKnownFileType = image.png; path = "tarbar_icon-03.png"; sourceTree = "<group>"; };
		67755E8B173F649600A25B03 /* tarbar_icon-03@2x.png */ = {isa = PBXFileReference; lastKnownFileType = image.png; path = "tarbar_icon-03@2x.png"; sourceTree = "<group>"; };
		67755E8C173F649700A25B03 /* tarbar_icon-04.png */ = {isa = PBXFileReference; lastKnownFileType = image.png; path = "tarbar_icon-04.png"; sourceTree = "<group>"; };
		67755E8D173F649700A25B03 /* tarbar_icon-04@2x.png */ = {isa = PBXFileReference; lastKnownFileType = image.png; path = "tarbar_icon-04@2x.png"; sourceTree = "<group>"; };
		67755E8E173F649700A25B03 /* tarbar_icon-05.png */ = {isa = PBXFileReference; lastKnownFileType = image.png; path = "tarbar_icon-05.png"; sourceTree = "<group>"; };
		67755E8F173F649700A25B03 /* tarbar_icon-05@2x.png */ = {isa = PBXFileReference; lastKnownFileType = image.png; path = "tarbar_icon-05@2x.png"; sourceTree = "<group>"; };
		67755EB0173F6FF100A25B03 /* icon.png */ = {isa = PBXFileReference; lastKnownFileType = image.png; path = icon.png; sourceTree = "<group>"; };
		67755EBA173F751100A25B03 /* ja */ = {isa = PBXFileReference; lastKnownFileType = file.storyboard; name = ja; path = ja.lproj/MainStoryboard_iPhone.storyboard; sourceTree = "<group>"; };
		67755EBB173F751100A25B03 /* ja */ = {isa = PBXFileReference; lastKnownFileType = file.storyboard; name = ja; path = ja.lproj/MainStoryboard_iPad.storyboard; sourceTree = "<group>"; };
		67755EBC173F751100A25B03 /* ja */ = {isa = PBXFileReference; lastKnownFileType = text.plist.strings; name = ja; path = ja.lproj/InfoPlist.strings; sourceTree = "<group>"; };
		67755EBD173F751200A25B03 /* ja */ = {isa = PBXFileReference; lastKnownFileType = text.plist.strings; name = ja; path = ja.lproj/InfoPlist.strings; sourceTree = "<group>"; };
		67755EC1173F767900A25B03 /* en */ = {isa = PBXFileReference; lastKnownFileType = text.plist.strings; name = en; path = en.lproj/Localizable.strings; sourceTree = "<group>"; };
		67755EC3173F768100A25B03 /* ja */ = {isa = PBXFileReference; lastKnownFileType = text.plist.strings; name = ja; path = ja.lproj/Localizable.strings; sourceTree = "<group>"; };
		67755EC7173F836600A25B03 /* LiveReport2013.entitlements */ = {isa = PBXFileReference; lastKnownFileType = text.xml; path = LiveReport2013.entitlements; sourceTree = "<group>"; };
		677C908E1703A2DE003E549D /* UIImage+Resize.h */ = {isa = PBXFileReference; fileEncoding = 4; lastKnownFileType = sourcecode.c.h; path = "UIImage+Resize.h"; sourceTree = "<group>"; };
		677C908F1703A2DE003E549D /* UIImage+Resize.m */ = {isa = PBXFileReference; fileEncoding = 4; lastKnownFileType = sourcecode.c.objc; path = "UIImage+Resize.m"; sourceTree = "<group>"; };
		677C90911703A912003E549D /* SocialViewController.h */ = {isa = PBXFileReference; fileEncoding = 4; lastKnownFileType = sourcecode.c.h; path = SocialViewController.h; sourceTree = "<group>"; };
		677C90921703A912003E549D /* SocialViewController.m */ = {isa = PBXFileReference; fileEncoding = 4; lastKnownFileType = sourcecode.c.objc; path = SocialViewController.m; sourceTree = "<group>"; };
		677C90941703A934003E549D /* PostListViewController.h */ = {isa = PBXFileReference; fileEncoding = 4; lastKnownFileType = sourcecode.c.h; path = PostListViewController.h; sourceTree = "<group>"; };
		677C90951703A934003E549D /* PostListViewController.m */ = {isa = PBXFileReference; fileEncoding = 4; lastKnownFileType = sourcecode.c.objc; path = PostListViewController.m; sourceTree = "<group>"; };
		677C90971703A942003E549D /* InfoViewController.h */ = {isa = PBXFileReference; fileEncoding = 4; lastKnownFileType = sourcecode.c.h; path = InfoViewController.h; sourceTree = "<group>"; };
		677C90981703A942003E549D /* InfoViewController.m */ = {isa = PBXFileReference; fileEncoding = 4; lastKnownFileType = sourcecode.c.objc; path = InfoViewController.m; sourceTree = "<group>"; };
		677C909D1703ADA8003E549D /* SongDetailViewController.h */ = {isa = PBXFileReference; fileEncoding = 4; lastKnownFileType = sourcecode.c.h; path = SongDetailViewController.h; sourceTree = "<group>"; };
		677C909E1703ADA8003E549D /* SongDetailViewController.m */ = {isa = PBXFileReference; fileEncoding = 4; lastKnownFileType = sourcecode.c.objc; path = SongDetailViewController.m; sourceTree = "<group>"; };
		677C90A01703BDDA003E549D /* 3B_1.jpg */ = {isa = PBXFileReference; lastKnownFileType = image.jpeg; path = 3B_1.jpg; sourceTree = "<group>"; };
		677C90A11703BDDA003E549D /* 3B_2.jpg */ = {isa = PBXFileReference; lastKnownFileType = image.jpeg; path = 3B_2.jpg; sourceTree = "<group>"; };
		677C90A21703BDDA003E549D /* 3B_3.jpg */ = {isa = PBXFileReference; lastKnownFileType = image.jpeg; path = 3B_3.jpg; sourceTree = "<group>"; };
		677C90A31703BDDA003E549D /* 3B_4.jpg */ = {isa = PBXFileReference; lastKnownFileType = image.jpeg; path = 3B_4.jpg; sourceTree = "<group>"; };
		677C90A41703BDDA003E549D /* 3B_5.jpg */ = {isa = PBXFileReference; lastKnownFileType = image.jpeg; path = 3B_5.jpg; sourceTree = "<group>"; };
		677C90A51703BDDA003E549D /* 3B_6.jpg */ = {isa = PBXFileReference; lastKnownFileType = image.jpeg; path = 3B_6.jpg; sourceTree = "<group>"; };
		677C90A61703BDDA003E549D /* 3B_7.jpg */ = {isa = PBXFileReference; lastKnownFileType = image.jpeg; path = 3B_7.jpg; sourceTree = "<group>"; };
		677C90A71703BDDA003E549D /* 3B_8.jpg */ = {isa = PBXFileReference; lastKnownFileType = image.jpeg; path = 3B_8.jpg; sourceTree = "<group>"; };
		677C90A81703BDDA003E549D /* 3B_9.jpg */ = {isa = PBXFileReference; lastKnownFileType = image.jpeg; path = 3B_9.jpg; sourceTree = "<group>"; };
		677C90A91703BDDA003E549D /* 3B_10.jpg */ = {isa = PBXFileReference; lastKnownFileType = image.jpeg; path = 3B_10.jpg; sourceTree = "<group>"; };
		677C90AA1703BDDA003E549D /* 3B_11.jpg */ = {isa = PBXFileReference; lastKnownFileType = image.jpeg; path = 3B_11.jpg; sourceTree = "<group>"; };
		677C90AB1703BDDA003E549D /* 3B_12.jpg */ = {isa = PBXFileReference; lastKnownFileType = image.jpeg; path = 3B_12.jpg; sourceTree = "<group>"; };
		677C90AC1703BDDA003E549D /* 3B_13.jpg */ = {isa = PBXFileReference; lastKnownFileType = image.jpeg; path = 3B_13.jpg; sourceTree = "<group>"; };
		677C90AD1703BDDA003E549D /* 3B_14.jpg */ = {isa = PBXFileReference; lastKnownFileType = image.jpeg; path = 3B_14.jpg; sourceTree = "<group>"; };
		677C90AE1703BDDA003E549D /* 3B_15.jpg */ = {isa = PBXFileReference; lastKnownFileType = image.jpeg; path = 3B_15.jpg; sourceTree = "<group>"; };
		677C90AF1703BDDA003E549D /* 3B_16.jpg */ = {isa = PBXFileReference; lastKnownFileType = image.jpeg; path = 3B_16.jpg; sourceTree = "<group>"; };
		677C90B01703BDDA003E549D /* 3B_17.jpg */ = {isa = PBXFileReference; lastKnownFileType = image.jpeg; path = 3B_17.jpg; sourceTree = "<group>"; };
		677C90B11703BDDA003E549D /* 3B_18.jpg */ = {isa = PBXFileReference; lastKnownFileType = image.jpeg; path = 3B_18.jpg; sourceTree = "<group>"; };
		677C90B21703BDDA003E549D /* 19_1.jpg */ = {isa = PBXFileReference; lastKnownFileType = image.jpeg; path = 19_1.jpg; sourceTree = "<group>"; };
		677C90B31703BDDA003E549D /* 19_2.jpg */ = {isa = PBXFileReference; lastKnownFileType = image.jpeg; path = 19_2.jpg; sourceTree = "<group>"; };
		677C90B41703BDDA003E549D /* 19_3.jpg */ = {isa = PBXFileReference; lastKnownFileType = image.jpeg; path = 19_3.jpg; sourceTree = "<group>"; };
		677C90B51703BDDA003E549D /* 19_4.jpg */ = {isa = PBXFileReference; lastKnownFileType = image.jpeg; path = 19_4.jpg; sourceTree = "<group>"; };
		677C90B61703BDDA003E549D /* 19_5.jpg */ = {isa = PBXFileReference; lastKnownFileType = image.jpeg; path = 19_5.jpg; sourceTree = "<group>"; };
		677C90B71703BDDA003E549D /* 19_6.jpg */ = {isa = PBXFileReference; lastKnownFileType = image.jpeg; path = 19_6.jpg; sourceTree = "<group>"; };
		677C90B81703BDDA003E549D /* 19_7.jpg */ = {isa = PBXFileReference; lastKnownFileType = image.jpeg; path = 19_7.jpg; sourceTree = "<group>"; };
		677C90B91703BDDA003E549D /* 19_8.jpg */ = {isa = PBXFileReference; lastKnownFileType = image.jpeg; path = 19_8.jpg; sourceTree = "<group>"; };
		677C90BA1703BDDA003E549D /* 19_9.jpg */ = {isa = PBXFileReference; lastKnownFileType = image.jpeg; path = 19_9.jpg; sourceTree = "<group>"; };
		677C90BB1703BDDA003E549D /* 19_10.jpg */ = {isa = PBXFileReference; lastKnownFileType = image.jpeg; path = 19_10.jpg; sourceTree = "<group>"; };
		677C90BC1703BDDA003E549D /* 19_11.jpg */ = {isa = PBXFileReference; lastKnownFileType = image.jpeg; path = 19_11.jpg; sourceTree = "<group>"; };
		677C90BD1703BDDA003E549D /* OK_1.jpg */ = {isa = PBXFileReference; lastKnownFileType = image.jpeg; path = OK_1.jpg; sourceTree = "<group>"; };
		677C90BE1703BDDA003E549D /* OK_2.jpg */ = {isa = PBXFileReference; lastKnownFileType = image.jpeg; path = OK_2.jpg; sourceTree = "<group>"; };
		677C90BF1703BDDA003E549D /* OK_3.jpg */ = {isa = PBXFileReference; lastKnownFileType = image.jpeg; path = OK_3.jpg; sourceTree = "<group>"; };
		677C90C01703BDDA003E549D /* OK_4.jpg */ = {isa = PBXFileReference; lastKnownFileType = image.jpeg; path = OK_4.jpg; sourceTree = "<group>"; };
		677C90C11703BDDA003E549D /* OK_5.jpg */ = {isa = PBXFileReference; lastKnownFileType = image.jpeg; path = OK_5.jpg; sourceTree = "<group>"; };
		677C90C21703BDDA003E549D /* OK_6.jpg */ = {isa = PBXFileReference; lastKnownFileType = image.jpeg; path = OK_6.jpg; sourceTree = "<group>"; };
		677C90C31703BDDA003E549D /* OK_7.jpg */ = {isa = PBXFileReference; lastKnownFileType = image.jpeg; path = OK_7.jpg; sourceTree = "<group>"; };
		677C90C41703BDDA003E549D /* SF_1.jpg */ = {isa = PBXFileReference; lastKnownFileType = image.jpeg; path = SF_1.jpg; sourceTree = "<group>"; };
		677C90EA1703E8E2003E549D /* Social.framework */ = {isa = PBXFileReference; lastKnownFileType = wrapper.framework; name = Social.framework; path = System/Library/Frameworks/Social.framework; sourceTree = SDKROOT; };
		677C90FB1703F758003E549D /* EGORefreshTableHeaderView.h */ = {isa = PBXFileReference; fileEncoding = 4; lastKnownFileType = sourcecode.c.h; path = EGORefreshTableHeaderView.h; sourceTree = "<group>"; };
		677C90FC1703F758003E549D /* EGORefreshTableHeaderView.m */ = {isa = PBXFileReference; fileEncoding = 4; lastKnownFileType = sourcecode.c.objc; path = EGORefreshTableHeaderView.m; sourceTree = "<group>"; };
		677C90FE1703F758003E549D /* blackArrow.png */ = {isa = PBXFileReference; lastKnownFileType = image.png; path = blackArrow.png; sourceTree = "<group>"; };
		677C90FF1703F758003E549D /* blackArrow@2x.png */ = {isa = PBXFileReference; lastKnownFileType = image.png; path = "blackArrow@2x.png"; sourceTree = "<group>"; };
		677C91001703F758003E549D /* blueArrow.png */ = {isa = PBXFileReference; lastKnownFileType = image.png; path = blueArrow.png; sourceTree = "<group>"; };
		677C91011703F758003E549D /* blueArrow@2x.png */ = {isa = PBXFileReference; lastKnownFileType = image.png; path = "blueArrow@2x.png"; sourceTree = "<group>"; };
		677C91021703F758003E549D /* grayArrow.png */ = {isa = PBXFileReference; lastKnownFileType = image.png; path = grayArrow.png; sourceTree = "<group>"; };
		677C91031703F758003E549D /* grayArrow@2x.png */ = {isa = PBXFileReference; lastKnownFileType = image.png; path = "grayArrow@2x.png"; sourceTree = "<group>"; };
		677C91041703F758003E549D /* whiteArrow.png */ = {isa = PBXFileReference; lastKnownFileType = image.png; path = whiteArrow.png; sourceTree = "<group>"; };
		677C91051703F758003E549D /* whiteArrow@2x.png */ = {isa = PBXFileReference; lastKnownFileType = image.png; path = "whiteArrow@2x.png"; sourceTree = "<group>"; };
		677C91301704154D003E549D /* TweetData.h */ = {isa = PBXFileReference; fileEncoding = 4; lastKnownFileType = sourcecode.c.h; path = TweetData.h; sourceTree = "<group>"; };
		677C91311704154D003E549D /* TweetData.m */ = {isa = PBXFileReference; fileEncoding = 4; lastKnownFileType = sourcecode.c.objc; path = TweetData.m; sourceTree = "<group>"; };
		677C913417041646003E549D /* TwitterTableViewCell.h */ = {isa = PBXFileReference; fileEncoding = 4; lastKnownFileType = sourcecode.c.h; path = TwitterTableViewCell.h; sourceTree = "<group>"; };
		677C913517041646003E549D /* TwitterTableViewCell.m */ = {isa = PBXFileReference; fileEncoding = 4; lastKnownFileType = sourcecode.c.objc; path = TwitterTableViewCell.m; sourceTree = "<group>"; };
		677C913A17041F7D003E549D /* LiveReportDefines.h */ = {isa = PBXFileReference; lastKnownFileType = sourcecode.c.h; path = LiveReportDefines.h; sourceTree = "<group>"; };
		6782427517042C9900482B88 /* HttpClient.h */ = {isa = PBXFileReference; fileEncoding = 4; lastKnownFileType = sourcecode.c.h; path = HttpClient.h; sourceTree = "<group>"; };
		6782427617042C9900482B88 /* HttpClient.m */ = {isa = PBXFileReference; fileEncoding = 4; lastKnownFileType = sourcecode.c.objc; path = HttpClient.m; sourceTree = "<group>"; };
		6782427717042C9900482B88 /* ImageDownloader.h */ = {isa = PBXFileReference; fileEncoding = 4; lastKnownFileType = sourcecode.c.h; path = ImageDownloader.h; sourceTree = "<group>"; };
		6782427817042C9900482B88 /* ImageDownloader.m */ = {isa = PBXFileReference; fileEncoding = 4; lastKnownFileType = sourcecode.c.objc; path = ImageDownloader.m; sourceTree = "<group>"; };
		6782427917042C9900482B88 /* ImageStore.h */ = {isa = PBXFileReference; fileEncoding = 4; lastKnownFileType = sourcecode.c.h; path = ImageStore.h; sourceTree = "<group>"; };
		6782427A17042C9900482B88 /* ImageStore.m */ = {isa = PBXFileReference; fileEncoding = 4; lastKnownFileType = sourcecode.c.objc; path = ImageStore.m; sourceTree = "<group>"; };
		6782427B17042C9900482B88 /* StringHelper.h */ = {isa = PBXFileReference; fileEncoding = 4; lastKnownFileType = sourcecode.c.h; path = StringHelper.h; sourceTree = "<group>"; };
		6782427C17042C9900482B88 /* StringHelper.m */ = {isa = PBXFileReference; fileEncoding = 4; lastKnownFileType = sourcecode.c.objc; path = StringHelper.m; sourceTree = "<group>"; };
		67824281170433D500482B88 /* nouser.png */ = {isa = PBXFileReference; lastKnownFileType = image.png; path = nouser.png; sourceTree = "<group>"; };
		67824282170433D500482B88 /* nouser@2x.png */ = {isa = PBXFileReference; lastKnownFileType = image.png; path = "nouser@2x.png"; sourceTree = "<group>"; };
		679044B616F9CDFC002D29FA /* QuartzCore.framework */ = {isa = PBXFileReference; lastKnownFileType = wrapper.framework; name = QuartzCore.framework; path = System/Library/Frameworks/QuartzCore.framework; sourceTree = SDKROOT; };
		679044C016F9F541002D29FA /* PlaceViewController.h */ = {isa = PBXFileReference; fileEncoding = 4; lastKnownFileType = sourcecode.c.h; path = PlaceViewController.h; sourceTree = "<group>"; };
		679044C116F9F541002D29FA /* PlaceViewController.m */ = {isa = PBXFileReference; fileEncoding = 4; lastKnownFileType = sourcecode.c.objc; path = PlaceViewController.m; sourceTree = "<group>"; };
		679044C316F9F591002D29FA /* SongViewController.h */ = {isa = PBXFileReference; fileEncoding = 4; lastKnownFileType = sourcecode.c.h; path = SongViewController.h; sourceTree = "<group>"; };
		679044C416F9F592002D29FA /* SongViewController.m */ = {isa = PBXFileReference; fileEncoding = 4; lastKnownFileType = sourcecode.c.objc; path = SongViewController.m; sourceTree = "<group>"; };
		67CC298A18017EF3006C7E65 /* Images.xcassets */ = {isa = PBXFileReference; lastKnownFileType = folder.assetcatalog; path = Images.xcassets; sourceTree = "<group>"; };
		67DC1E4316F8A27700D73D1E /* LiveReport2013.app */ = {isa = PBXFileReference; explicitFileType = wrapper.application; includeInIndex = 0; path = LiveReport2013.app; sourceTree = BUILT_PRODUCTS_DIR; };
		67DC1E4616F8A27700D73D1E /* UIKit.framework */ = {isa = PBXFileReference; lastKnownFileType = wrapper.framework; name = UIKit.framework; path = System/Library/Frameworks/UIKit.framework; sourceTree = SDKROOT; };
		67DC1E4816F8A27700D73D1E /* Foundation.framework */ = {isa = PBXFileReference; lastKnownFileType = wrapper.framework; name = Foundation.framework; path = System/Library/Frameworks/Foundation.framework; sourceTree = SDKROOT; };
		67DC1E4A16F8A27800D73D1E /* CoreGraphics.framework */ = {isa = PBXFileReference; lastKnownFileType = wrapper.framework; name = CoreGraphics.framework; path = System/Library/Frameworks/CoreGraphics.framework; sourceTree = SDKROOT; };
		67DC1E4E16F8A27900D73D1E /* LiveReport2013-Info.plist */ = {isa = PBXFileReference; lastKnownFileType = text.plist.xml; path = "LiveReport2013-Info.plist"; sourceTree = "<group>"; };
		67DC1E5016F8A27900D73D1E /* en */ = {isa = PBXFileReference; lastKnownFileType = text.plist.strings; name = en; path = en.lproj/InfoPlist.strings; sourceTree = "<group>"; };
		67DC1E5216F8A27900D73D1E /* main.m */ = {isa = PBXFileReference; lastKnownFileType = sourcecode.c.objc; path = main.m; sourceTree = "<group>"; };
		67DC1E5416F8A27900D73D1E /* LiveReport2013-Prefix.pch */ = {isa = PBXFileReference; lastKnownFileType = sourcecode.c.h; path = "LiveReport2013-Prefix.pch"; sourceTree = "<group>"; };
		67DC1E5516F8A27A00D73D1E /* AppDelegate.h */ = {isa = PBXFileReference; lastKnownFileType = sourcecode.c.h; path = AppDelegate.h; sourceTree = "<group>"; };
		67DC1E5616F8A27A00D73D1E /* AppDelegate.m */ = {isa = PBXFileReference; lastKnownFileType = sourcecode.c.objc; path = AppDelegate.m; sourceTree = "<group>"; };
		67DC1E5F16F8A27D00D73D1E /* en */ = {isa = PBXFileReference; lastKnownFileType = file.storyboard; name = en; path = en.lproj/MainStoryboard_iPhone.storyboard; sourceTree = "<group>"; };
		67DC1E6216F8A27D00D73D1E /* en */ = {isa = PBXFileReference; lastKnownFileType = file.storyboard; name = en; path = en.lproj/MainStoryboard_iPad.storyboard; sourceTree = "<group>"; };
		67DC1E7716F8A28100D73D1E /* LiveReport2013Tests.octest */ = {isa = PBXFileReference; explicitFileType = wrapper.cfbundle; includeInIndex = 0; path = LiveReport2013Tests.octest; sourceTree = BUILT_PRODUCTS_DIR; };
		67DC1E7816F8A28100D73D1E /* SenTestingKit.framework */ = {isa = PBXFileReference; lastKnownFileType = wrapper.framework; name = SenTestingKit.framework; path = Library/Frameworks/SenTestingKit.framework; sourceTree = DEVELOPER_DIR; };
		67DC1E8016F8A28200D73D1E /* LiveReport2013Tests-Info.plist */ = {isa = PBXFileReference; lastKnownFileType = text.plist.xml; path = "LiveReport2013Tests-Info.plist"; sourceTree = "<group>"; };
		67DC1E8216F8A28200D73D1E /* en */ = {isa = PBXFileReference; lastKnownFileType = text.plist.strings; name = en; path = en.lproj/InfoPlist.strings; sourceTree = "<group>"; };
		67DC1E8416F8A28200D73D1E /* LiveReport2013Tests.h */ = {isa = PBXFileReference; lastKnownFileType = sourcecode.c.h; path = LiveReport2013Tests.h; sourceTree = "<group>"; };
		67DC1E8516F8A28300D73D1E /* LiveReport2013Tests.m */ = {isa = PBXFileReference; lastKnownFileType = sourcecode.c.objc; path = LiveReport2013Tests.m; sourceTree = "<group>"; };
		67DC1E8F16F8BD8C00D73D1E /* livereport2013.db */ = {isa = PBXFileReference; lastKnownFileType = file; path = livereport2013.db; sourceTree = "<group>"; };
		67DC1E9116F8C04600D73D1E /* libsqlite3.0.dylib */ = {isa = PBXFileReference; lastKnownFileType = "compiled.mach-o.dylib"; name = libsqlite3.0.dylib; path = usr/lib/libsqlite3.0.dylib; sourceTree = SDKROOT; };
		67DC1E9316F8C32F00D73D1E /* FacebookSDK.framework */ = {isa = PBXFileReference; lastKnownFileType = wrapper.framework; name = FacebookSDK.framework; path = ../../../Documents/FacebookSDK/FacebookSDK.framework; sourceTree = "<group>"; };
		67DC1E9616F8C35C00D73D1E /* FacebookSDKResources.bundle */ = {isa = PBXFileReference; lastKnownFileType = "wrapper.plug-in"; name = FacebookSDKResources.bundle; path = ../../../Documents/FacebookSDK/FacebookSDK.framework/Versions/A/Resources/FacebookSDKResources.bundle; sourceTree = "<group>"; };
/* End PBXFileReference section */

/* Begin PBXFrameworksBuildPhase section */
		67DC1E4016F8A27600D73D1E /* Frameworks */ = {
			isa = PBXFrameworksBuildPhase;
			buildActionMask = 2147483647;
			files = (
				67755E85173F559100A25B03 /* Accounts.framework in Frameworks */,
				6768B06617085B9C00FD2A8F /* iAd.framework in Frameworks */,
				677C90EB1703E8E2003E549D /* Social.framework in Frameworks */,
				679044B716F9CDFC002D29FA /* QuartzCore.framework in Frameworks */,
				67DC1E9216F8C04600D73D1E /* libsqlite3.0.dylib in Frameworks */,
				67DC1E4716F8A27700D73D1E /* UIKit.framework in Frameworks */,
				67DC1E4916F8A27800D73D1E /* Foundation.framework in Frameworks */,
				67DC1E4B16F8A27800D73D1E /* CoreGraphics.framework in Frameworks */,
				67DC1E9416F8C32F00D73D1E /* FacebookSDK.framework in Frameworks */,
			);
			runOnlyForDeploymentPostprocessing = 0;
		};
		67DC1E7316F8A28100D73D1E /* Frameworks */ = {
			isa = PBXFrameworksBuildPhase;
			buildActionMask = 2147483647;
			files = (
				67DC1E7916F8A28100D73D1E /* SenTestingKit.framework in Frameworks */,
				67DC1E7A16F8A28100D73D1E /* UIKit.framework in Frameworks */,
				67DC1E7B16F8A28100D73D1E /* Foundation.framework in Frameworks */,
			);
			runOnlyForDeploymentPostprocessing = 0;
		};
/* End PBXFrameworksBuildPhase section */

/* Begin PBXGroup section */
		6703132716FB151A0023462C /* View */ = {
			isa = PBXGroup;
			children = (
				679044C016F9F541002D29FA /* PlaceViewController.h */,
				679044C116F9F541002D29FA /* PlaceViewController.m */,
				679044C316F9F591002D29FA /* SongViewController.h */,
				679044C416F9F592002D29FA /* SongViewController.m */,
				677C909D1703ADA8003E549D /* SongDetailViewController.h */,
				677C909E1703ADA8003E549D /* SongDetailViewController.m */,
				677C90911703A912003E549D /* SocialViewController.h */,
				677C90921703A912003E549D /* SocialViewController.m */,
				677C90941703A934003E549D /* PostListViewController.h */,
				677C90951703A934003E549D /* PostListViewController.m */,
				677C90971703A942003E549D /* InfoViewController.h */,
				677C90981703A942003E549D /* InfoViewController.m */,
			);
			name = View;
			sourceTree = "<group>";
		};
		6703132816FB15290023462C /* Tool */ = {
			isa = PBXGroup;
			children = (
				6703132416FA29E40023462C /* LiveReportDAO.h */,
				6703132516FA29E40023462C /* LiveReportDAO.m */,
				6703138A16FF48AE0023462C /* ToggleControl */,
				677C91331704160F003E549D /* CustomTableViewCell */,
			);
			name = Tool;
			sourceTree = "<group>";
		};
		6703132916FB15380023462C /* Util */ = {
			isa = PBXGroup;
			children = (
				6703137616FF007F0023462C /* ImageUtil.h */,
				6703137716FF007F0023462C /* ImageUtil.m */,
				6703138116FF22550023462C /* PostInfoUtil.h */,
				6703138216FF22550023462C /* PostInfoUtil.m */,
				677C908E1703A2DE003E549D /* UIImage+Resize.h */,
				677C908F1703A2DE003E549D /* UIImage+Resize.m */,
				6709D46F18001C1900A0DC68 /* UIDevice+VersionCheck_h.h */,
				6709D47018001C1900A0DC68 /* UIDevice+VersionCheck_h.m */,
			);
			name = Util;
			sourceTree = "<group>";
		};
		6703133816FEF6250023462C /* PrettyKit */ = {
			isa = PBXGroup;
			children = (
				6703133916FEF6260023462C /* Cells */,
				6703134216FEF6260023462C /* PrettyDrawing.h */,
				6703134316FEF6260023462C /* PrettyDrawing.m */,
				6703134416FEF6260023462C /* PrettyKit.h */,
				6703134516FEF6260023462C /* PrettyNavigationBar.h */,
				6703134616FEF6260023462C /* PrettyNavigationBar.m */,
				6703134716FEF6260023462C /* PrettyShadowPlainTableview.h */,
				6703134816FEF6260023462C /* PrettyShadowPlainTableview.m */,
				6703134916FEF6260023462C /* PrettyTabBar.h */,
				6703134A16FEF6260023462C /* PrettyTabBar.m */,
				6703134B16FEF6260023462C /* PrettyToolbar.h */,
				6703134C16FEF6260023462C /* PrettyToolbar.m */,
			);
			path = PrettyKit;
			sourceTree = "<group>";
		};
		6703133916FEF6260023462C /* Cells */ = {
			isa = PBXGroup;
			children = (
				6703133A16FEF6260023462C /* PrettyCustomViewTableViewCell.h */,
				6703133B16FEF6260023462C /* PrettyCustomViewTableViewCell.m */,
				6703133C16FEF6260023462C /* PrettyGridTableViewCell.h */,
				6703133D16FEF6260023462C /* PrettyGridTableViewCell.m */,
				6703133E16FEF6260023462C /* PrettySegmentedControlTableViewCell.h */,
				6703133F16FEF6260023462C /* PrettySegmentedControlTableViewCell.m */,
				6703134016FEF6260023462C /* PrettyTableViewCell.h */,
				6703134116FEF6260023462C /* PrettyTableViewCell.m */,
			);
			path = Cells;
			sourceTree = "<group>";
		};
		6703134D16FEF6260023462C /* Resource */ = {
			isa = PBXGroup;
			children = (
				67755E86173F649600A25B03 /* tarbar_icon-01.png */,
				67755E87173F649600A25B03 /* tarbar_icon-01@2x.png */,
				67755E88173F649600A25B03 /* tarbar_icon-02.png */,
				67755E89173F649600A25B03 /* tarbar_icon-02@2x.png */,
				67755E8A173F649600A25B03 /* tarbar_icon-03.png */,
				67755E8B173F649600A25B03 /* tarbar_icon-03@2x.png */,
				67755E8C173F649700A25B03 /* tarbar_icon-04.png */,
				67755E8D173F649700A25B03 /* tarbar_icon-04@2x.png */,
				67755E8E173F649700A25B03 /* tarbar_icon-05.png */,
				67755E8F173F649700A25B03 /* tarbar_icon-05@2x.png */,
				67824281170433D500482B88 /* nouser.png */,
				67824282170433D500482B88 /* nouser@2x.png */,
				6709D472180045C400A0DC68 /* twitter.png */,
				6709D473180045C400A0DC68 /* twitter@2x.png */,
				677C90A01703BDDA003E549D /* 3B_1.jpg */,
				677C90A11703BDDA003E549D /* 3B_2.jpg */,
				677C90A21703BDDA003E549D /* 3B_3.jpg */,
				677C90A31703BDDA003E549D /* 3B_4.jpg */,
				677C90A41703BDDA003E549D /* 3B_5.jpg */,
				677C90A51703BDDA003E549D /* 3B_6.jpg */,
				677C90A61703BDDA003E549D /* 3B_7.jpg */,
				677C90A71703BDDA003E549D /* 3B_8.jpg */,
				677C90A81703BDDA003E549D /* 3B_9.jpg */,
				677C90A91703BDDA003E549D /* 3B_10.jpg */,
				677C90AA1703BDDA003E549D /* 3B_11.jpg */,
				677C90AB1703BDDA003E549D /* 3B_12.jpg */,
				677C90AC1703BDDA003E549D /* 3B_13.jpg */,
				677C90AD1703BDDA003E549D /* 3B_14.jpg */,
				677C90AE1703BDDA003E549D /* 3B_15.jpg */,
				677C90AF1703BDDA003E549D /* 3B_16.jpg */,
				677C90B01703BDDA003E549D /* 3B_17.jpg */,
				677C90B11703BDDA003E549D /* 3B_18.jpg */,
				677C90B21703BDDA003E549D /* 19_1.jpg */,
				677C90B31703BDDA003E549D /* 19_2.jpg */,
				677C90B41703BDDA003E549D /* 19_3.jpg */,
				677C90B51703BDDA003E549D /* 19_4.jpg */,
				677C90B61703BDDA003E549D /* 19_5.jpg */,
				67755EB0173F6FF100A25B03 /* icon.png */,
				677C90B71703BDDA003E549D /* 19_6.jpg */,
				677C90B81703BDDA003E549D /* 19_7.jpg */,
				677C90B91703BDDA003E549D /* 19_8.jpg */,
				677C90BA1703BDDA003E549D /* 19_9.jpg */,
				677C90BB1703BDDA003E549D /* 19_10.jpg */,
				677C90BC1703BDDA003E549D /* 19_11.jpg */,
				677C90BD1703BDDA003E549D /* OK_1.jpg */,
				677C90BE1703BDDA003E549D /* OK_2.jpg */,
				670B189118007A4300F71545 /* normal_outline.png */,
				670B189218007A4300F71545 /* normal_outline@2x.png */,
				670B189918007C3E00F71545 /* selected_outline.png */,
				670B18A118007E8E00F71545 /* custom_accessory_outline.png */,
				670B18A218007E8E00F71545 /* custom_accessory_outline@2x.png */,
				670B189A18007C3E00F71545 /* selected_outline@2x.png */,
				677C90BF1703BDDA003E549D /* OK_3.jpg */,
				677C90C01703BDDA003E549D /* OK_4.jpg */,
				677C90C11703BDDA003E549D /* OK_5.jpg */,
				677C90C21703BDDA003E549D /* OK_6.jpg */,
				677C90C31703BDDA003E549D /* OK_7.jpg */,
				677C90C41703BDDA003E549D /* SF_1.jpg */,
				6703137D16FF0AF10023462C /* custom_accessory_touched.png */,
				6709D47A1800472500A0DC68 /* flogo.png */,
				6709D47B1800472500A0DC68 /* flogo@2x.png */,
				6703137E16FF0AF10023462C /* custom_accessory_touched@2x.png */,
				6703137916FF08E60023462C /* custom_accessory.png */,
				6703137A16FF08E60023462C /* custom_accessory@2x.png */,
				6709D4921800502000A0DC68 /* tarbar_icon_outline-01.png */,
				6709D4931800502000A0DC68 /* tarbar_icon_outline-01@2x.png */,
				6709D4941800502000A0DC68 /* tarbar_icon_outline-02.png */,
				6709D4951800502000A0DC68 /* tarbar_icon_outline-02@2x.png */,
				6709D4961800502000A0DC68 /* tarbar_icon_outline-03.png */,
				6709D4971800502000A0DC68 /* tarbar_icon_outline-03@2x.png */,
				6709D4981800502000A0DC68 /* tarbar_icon_outline-04.png */,
				6709D4991800502000A0DC68 /* tarbar_icon_outline-04@2x.png */,
				6709D49A1800502000A0DC68 /* tarbar_icon_outline-05.png */,
				6709D49B1800502000A0DC68 /* tarbar_icon_outline-05@2x.png */,
				6703137216FEF6C40023462C /* normal@2x.png */,
				6703137316FEF6C40023462C /* selected@2x.png */,
				6703134E16FEF6270023462C /* background.png */,
				6703134F16FEF6270023462C /* background@2x.png */,
				6703135016FEF6270023462C /* normal.png */,
				6703135116FEF6270023462C /* selected.png */,
			);
			path = Resource;
			sourceTree = "<group>";
		};
		6703136216FEF6390023462C /* FMDB */ = {
			isa = PBXGroup;
			children = (
				6703136316FEF6390023462C /* FMDatabase.h */,
				6703136416FEF6390023462C /* FMDatabase.m */,
				6703136516FEF6390023462C /* FMDatabaseAdditions.h */,
				6703136616FEF6390023462C /* FMDatabaseAdditions.m */,
				6703136716FEF6390023462C /* FMDatabasePool.h */,
				6703136816FEF6390023462C /* FMDatabasePool.m */,
				6703136916FEF6390023462C /* FMDatabaseQueue.h */,
				6703136A16FEF6390023462C /* FMDatabaseQueue.m */,
				6703136B16FEF6390023462C /* FMResultSet.h */,
				6703136C16FEF6390023462C /* FMResultSet.m */,
			);
			path = FMDB;
			sourceTree = "<group>";
		};
		6703138A16FF48AE0023462C /* ToggleControl */ = {
			isa = PBXGroup;
			children = (
				6703132A16FEEA900023462C /* ToggleImageControl.h */,
				6703132B16FEEA900023462C /* ToggleImageControl.m */,
				6703138416FF47FF0023462C /* PlaceToggleControl.h */,
				6703138516FF47FF0023462C /* PlaceToggleControl.m */,
				6703138716FF48AA0023462C /* SongToggleControl.h */,
				6703138816FF48AA0023462C /* SongToggleControl.m */,
			);
			name = ToggleControl;
			sourceTree = "<group>";
		};
		677C90F81703F757003E549D /* EGOTableViewPullRefresh */ = {
			isa = PBXGroup;
			children = (
				677C90F91703F758003E549D /* Classes */,
				677C90FD1703F758003E549D /* Resources */,
			);
			path = EGOTableViewPullRefresh;
			sourceTree = "<group>";
		};
		677C90F91703F758003E549D /* Classes */ = {
			isa = PBXGroup;
			children = (
				677C90FA1703F758003E549D /* View */,
			);
			path = Classes;
			sourceTree = "<group>";
		};
		677C90FA1703F758003E549D /* View */ = {
			isa = PBXGroup;
			children = (
				677C90FB1703F758003E549D /* EGORefreshTableHeaderView.h */,
				677C90FC1703F758003E549D /* EGORefreshTableHeaderView.m */,
			);
			path = View;
			sourceTree = "<group>";
		};
		677C90FD1703F758003E549D /* Resources */ = {
			isa = PBXGroup;
			children = (
				677C90FE1703F758003E549D /* blackArrow.png */,
				677C90FF1703F758003E549D /* blackArrow@2x.png */,
				677C91001703F758003E549D /* blueArrow.png */,
				677C91011703F758003E549D /* blueArrow@2x.png */,
				677C91021703F758003E549D /* grayArrow.png */,
				677C91031703F758003E549D /* grayArrow@2x.png */,
				677C91041703F758003E549D /* whiteArrow.png */,
				677C91051703F758003E549D /* whiteArrow@2x.png */,
			);
			path = Resources;
			sourceTree = "<group>";
		};
		677C912F17041521003E549D /* Model */ = {
			isa = PBXGroup;
			children = (
				677C91301704154D003E549D /* TweetData.h */,
				677C91311704154D003E549D /* TweetData.m */,
			);
			name = Model;
			sourceTree = "<group>";
		};
		677C91331704160F003E549D /* CustomTableViewCell */ = {
			isa = PBXGroup;
			children = (
				677C913417041646003E549D /* TwitterTableViewCell.h */,
				677C913517041646003E549D /* TwitterTableViewCell.m */,
			);
			name = CustomTableViewCell;
			sourceTree = "<group>";
		};
		6782427417042C9900482B88 /* ImageStore */ = {
			isa = PBXGroup;
			children = (
				6782427517042C9900482B88 /* HttpClient.h */,
				6782427617042C9900482B88 /* HttpClient.m */,
				6782427717042C9900482B88 /* ImageDownloader.h */,
				6782427817042C9900482B88 /* ImageDownloader.m */,
				6782427917042C9900482B88 /* ImageStore.h */,
				6782427A17042C9900482B88 /* ImageStore.m */,
				6782427B17042C9900482B88 /* StringHelper.h */,
				6782427C17042C9900482B88 /* StringHelper.m */,
			);
			path = ImageStore;
			sourceTree = "<group>";
		};
		67DC1E3A16F8A27500D73D1E = {
			isa = PBXGroup;
			children = (
				67DC1E4C16F8A27800D73D1E /* LiveReport2013 */,
				67DC1E7E16F8A28100D73D1E /* LiveReport2013Tests */,
				67DC1E4516F8A27700D73D1E /* Frameworks */,
				67DC1E4416F8A27700D73D1E /* Products */,
			);
			sourceTree = "<group>";
		};
		67DC1E4416F8A27700D73D1E /* Products */ = {
			isa = PBXGroup;
			children = (
				67DC1E4316F8A27700D73D1E /* LiveReport2013.app */,
				67DC1E7716F8A28100D73D1E /* LiveReport2013Tests.octest */,
			);
			name = Products;
			sourceTree = "<group>";
		};
		67DC1E4516F8A27700D73D1E /* Frameworks */ = {
			isa = PBXGroup;
			children = (
				67755E84173F559100A25B03 /* Accounts.framework */,
				6768B06517085B9C00FD2A8F /* iAd.framework */,
				677C90EA1703E8E2003E549D /* Social.framework */,
				679044B616F9CDFC002D29FA /* QuartzCore.framework */,
				67DC1E9616F8C35C00D73D1E /* FacebookSDKResources.bundle */,
				67DC1E9316F8C32F00D73D1E /* FacebookSDK.framework */,
				67DC1E9116F8C04600D73D1E /* libsqlite3.0.dylib */,
				67DC1E4616F8A27700D73D1E /* UIKit.framework */,
				67DC1E4816F8A27700D73D1E /* Foundation.framework */,
				67DC1E4A16F8A27800D73D1E /* CoreGraphics.framework */,
				67DC1E7816F8A28100D73D1E /* SenTestingKit.framework */,
			);
			name = Frameworks;
			sourceTree = "<group>";
		};
		67DC1E4C16F8A27800D73D1E /* LiveReport2013 */ = {
			isa = PBXGroup;
			children = (
				67755EC7173F836600A25B03 /* LiveReport2013.entitlements */,
				6782427417042C9900482B88 /* ImageStore */,
				677C90F81703F757003E549D /* EGOTableViewPullRefresh */,
				6703136216FEF6390023462C /* FMDB */,
				6703133816FEF6250023462C /* PrettyKit */,
				6703134D16FEF6260023462C /* Resource */,
				6703132916FB15380023462C /* Util */,
				677C912F17041521003E549D /* Model */,
				6703132816FB15290023462C /* Tool */,
				6703132716FB151A0023462C /* View */,
				67DC1E5516F8A27A00D73D1E /* AppDelegate.h */,
				67DC1E5616F8A27A00D73D1E /* AppDelegate.m */,
				67DC1E5E16F8A27D00D73D1E /* MainStoryboard_iPhone.storyboard */,
				67DC1E6116F8A27D00D73D1E /* MainStoryboard_iPad.storyboard */,
				67CC298A18017EF3006C7E65 /* Images.xcassets */,
				67DC1E4D16F8A27800D73D1E /* Supporting Files */,
			);
			path = LiveReport2013;
			sourceTree = "<group>";
		};
		67DC1E4D16F8A27800D73D1E /* Supporting Files */ = {
			isa = PBXGroup;
			children = (
				67755EC2173F767900A25B03 /* Localizable.strings */,
				67DC1E8F16F8BD8C00D73D1E /* livereport2013.db */,
				67DC1E4E16F8A27900D73D1E /* LiveReport2013-Info.plist */,
				67DC1E4F16F8A27900D73D1E /* InfoPlist.strings */,
				67DC1E5216F8A27900D73D1E /* main.m */,
				67DC1E5416F8A27900D73D1E /* LiveReport2013-Prefix.pch */,
				677C913A17041F7D003E549D /* LiveReportDefines.h */,
			);
			name = "Supporting Files";
			sourceTree = "<group>";
		};
		67DC1E7E16F8A28100D73D1E /* LiveReport2013Tests */ = {
			isa = PBXGroup;
			children = (
				67DC1E8416F8A28200D73D1E /* LiveReport2013Tests.h */,
				67DC1E8516F8A28300D73D1E /* LiveReport2013Tests.m */,
				67DC1E7F16F8A28200D73D1E /* Supporting Files */,
			);
			path = LiveReport2013Tests;
			sourceTree = "<group>";
		};
		67DC1E7F16F8A28200D73D1E /* Supporting Files */ = {
			isa = PBXGroup;
			children = (
				67DC1E8016F8A28200D73D1E /* LiveReport2013Tests-Info.plist */,
				67DC1E8116F8A28200D73D1E /* InfoPlist.strings */,
			);
			name = "Supporting Files";
			sourceTree = "<group>";
		};
/* End PBXGroup section */

/* Begin PBXNativeTarget section */
		67DC1E4216F8A27600D73D1E /* LiveReport2013 */ = {
			isa = PBXNativeTarget;
			buildConfigurationList = 67DC1E8916F8A28300D73D1E /* Build configuration list for PBXNativeTarget "LiveReport2013" */;
			buildPhases = (
				67DC1E3F16F8A27600D73D1E /* Sources */,
				67DC1E4016F8A27600D73D1E /* Frameworks */,
				67DC1E4116F8A27600D73D1E /* Resources */,
			);
			buildRules = (
			);
			dependencies = (
			);
			name = LiveReport2013;
			productName = LiveReport2013;
			productReference = 67DC1E4316F8A27700D73D1E /* LiveReport2013.app */;
			productType = "com.apple.product-type.application";
		};
		67DC1E7616F8A28100D73D1E /* LiveReport2013Tests */ = {
			isa = PBXNativeTarget;
			buildConfigurationList = 67DC1E8C16F8A28300D73D1E /* Build configuration list for PBXNativeTarget "LiveReport2013Tests" */;
			buildPhases = (
				67DC1E7216F8A28100D73D1E /* Sources */,
				67DC1E7316F8A28100D73D1E /* Frameworks */,
				67DC1E7416F8A28100D73D1E /* Resources */,
				67DC1E7516F8A28100D73D1E /* ShellScript */,
			);
			buildRules = (
			);
			dependencies = (
				67DC1E7D16F8A28100D73D1E /* PBXTargetDependency */,
			);
			name = LiveReport2013Tests;
			productName = LiveReport2013Tests;
			productReference = 67DC1E7716F8A28100D73D1E /* LiveReport2013Tests.octest */;
			productType = "com.apple.product-type.bundle";
		};
/* End PBXNativeTarget section */

/* Begin PBXProject section */
		67DC1E3B16F8A27600D73D1E /* Project object */ = {
			isa = PBXProject;
			attributes = {
				LastUpgradeCheck = 0460;
				ORGANIZATIONNAME = "Ueta Masamichi";
				TargetAttributes = {
					67DC1E4216F8A27600D73D1E = {
						DevelopmentTeam = A9WB53K8XM;
					};
				};
			};
			buildConfigurationList = 67DC1E3E16F8A27600D73D1E /* Build configuration list for PBXProject "LiveReport2013" */;
			compatibilityVersion = "Xcode 3.2";
			developmentRegion = English;
			hasScannedForEncodings = 0;
			knownRegions = (
				en,
				ja,
			);
			mainGroup = 67DC1E3A16F8A27500D73D1E;
			productRefGroup = 67DC1E4416F8A27700D73D1E /* Products */;
			projectDirPath = "";
			projectRoot = "";
			targets = (
				67DC1E4216F8A27600D73D1E /* LiveReport2013 */,
				67DC1E7616F8A28100D73D1E /* LiveReport2013Tests */,
			);
		};
/* End PBXProject section */

/* Begin PBXResourcesBuildPhase section */
		67DC1E4116F8A27600D73D1E /* Resources */ = {
			isa = PBXResourcesBuildPhase;
			buildActionMask = 2147483647;
			files = (
				67DC1E5116F8A27900D73D1E /* InfoPlist.strings in Resources */,
				67DC1E6016F8A27D00D73D1E /* MainStoryboard_iPhone.storyboard in Resources */,
				67DC1E6316F8A27D00D73D1E /* MainStoryboard_iPad.storyboard in Resources */,
				67DC1E9516F8C33700D73D1E /* livereport2013.db in Resources */,
				6709D4A21800502000A0DC68 /* tarbar_icon_outline-04.png in Resources */,
				67DC1E9716F8C35C00D73D1E /* FacebookSDKResources.bundle in Resources */,
				6703135E16FEF6270023462C /* background.png in Resources */,
				6703135F16FEF6270023462C /* background@2x.png in Resources */,
				6709D49D1800502000A0DC68 /* tarbar_icon_outline-01@2x.png in Resources */,
				6703136016FEF6270023462C /* normal.png in Resources */,
				6703136116FEF6270023462C /* selected.png in Resources */,
				6703137416FEF6C40023462C /* normal@2x.png in Resources */,
				6703137516FEF6C40023462C /* selected@2x.png in Resources */,
				670B18A618007E8E00F71545 /* custom_accessory_outline@2x.png in Resources */,
				6709D49F1800502000A0DC68 /* tarbar_icon_outline-02@2x.png in Resources */,
				6703137B16FF08E60023462C /* custom_accessory.png in Resources */,
				6703137C16FF08E60023462C /* custom_accessory@2x.png in Resources */,
				6703137F16FF0AF10023462C /* custom_accessory_touched.png in Resources */,
				6703138016FF0AF10023462C /* custom_accessory_touched@2x.png in Resources */,
				677C90C51703BDDA003E549D /* 3B_1.jpg in Resources */,
				6709D475180045C400A0DC68 /* twitter@2x.png in Resources */,
				677C90C61703BDDA003E549D /* 3B_2.jpg in Resources */,
				677C90C71703BDDA003E549D /* 3B_3.jpg in Resources */,
				677C90C81703BDDA003E549D /* 3B_4.jpg in Resources */,
				677C90C91703BDDA003E549D /* 3B_5.jpg in Resources */,
				677C90CA1703BDDA003E549D /* 3B_6.jpg in Resources */,
				677C90CB1703BDDA003E549D /* 3B_7.jpg in Resources */,
				677C90CC1703BDDA003E549D /* 3B_8.jpg in Resources */,
				677C90CD1703BDDA003E549D /* 3B_9.jpg in Resources */,
				670B189C18007C3E00F71545 /* selected_outline@2x.png in Resources */,
				677C90CE1703BDDA003E549D /* 3B_10.jpg in Resources */,
				677C90CF1703BDDA003E549D /* 3B_11.jpg in Resources */,
				6709D4A41800502000A0DC68 /* tarbar_icon_outline-05.png in Resources */,
				677C90D01703BDDA003E549D /* 3B_12.jpg in Resources */,
				677C90D11703BDDA003E549D /* 3B_13.jpg in Resources */,
				6709D49E1800502000A0DC68 /* tarbar_icon_outline-02.png in Resources */,
				677C90D21703BDDA003E549D /* 3B_14.jpg in Resources */,
				677C90D31703BDDA003E549D /* 3B_15.jpg in Resources */,
				677C90D41703BDDA003E549D /* 3B_16.jpg in Resources */,
				6709D4A31800502000A0DC68 /* tarbar_icon_outline-04@2x.png in Resources */,
				677C90D51703BDDA003E549D /* 3B_17.jpg in Resources */,
				677C90D61703BDDA003E549D /* 3B_18.jpg in Resources */,
				677C90D71703BDDA003E549D /* 19_1.jpg in Resources */,
				677C90D81703BDDA003E549D /* 19_2.jpg in Resources */,
				677C90D91703BDDA003E549D /* 19_3.jpg in Resources */,
				677C90DA1703BDDA003E549D /* 19_4.jpg in Resources */,
				677C90DB1703BDDA003E549D /* 19_5.jpg in Resources */,
				677C90DC1703BDDA003E549D /* 19_6.jpg in Resources */,
				677C90DD1703BDDA003E549D /* 19_7.jpg in Resources */,
				677C90DE1703BDDA003E549D /* 19_8.jpg in Resources */,
				677C90DF1703BDDA003E549D /* 19_9.jpg in Resources */,
				677C90E01703BDDA003E549D /* 19_10.jpg in Resources */,
				677C90E11703BDDA003E549D /* 19_11.jpg in Resources */,
				677C90E21703BDDA003E549D /* OK_1.jpg in Resources */,
				670B189618007A4300F71545 /* normal_outline@2x.png in Resources */,
				677C90E31703BDDA003E549D /* OK_2.jpg in Resources */,
				677C90E41703BDDA003E549D /* OK_3.jpg in Resources */,
				677C90E51703BDDA003E549D /* OK_4.jpg in Resources */,
				677C90E61703BDDA003E549D /* OK_5.jpg in Resources */,
				677C90E71703BDDA003E549D /* OK_6.jpg in Resources */,
				677C90E81703BDDA003E549D /* OK_7.jpg in Resources */,
				677C90E91703BDDA003E549D /* SF_1.jpg in Resources */,
				677C91071703F758003E549D /* blackArrow.png in Resources */,
				677C91081703F758003E549D /* blackArrow@2x.png in Resources */,
				677C91091703F758003E549D /* blueArrow.png in Resources */,
				677C910A1703F758003E549D /* blueArrow@2x.png in Resources */,
				677C910B1703F758003E549D /* grayArrow.png in Resources */,
				6709D47C1800472500A0DC68 /* flogo.png in Resources */,
				677C910C1703F758003E549D /* grayArrow@2x.png in Resources */,
				670B189B18007C3E00F71545 /* selected_outline.png in Resources */,
				677C910D1703F758003E549D /* whiteArrow.png in Resources */,
				677C910E1703F758003E549D /* whiteArrow@2x.png in Resources */,
				67824283170433D500482B88 /* nouser.png in Resources */,
				67824284170433D500482B88 /* nouser@2x.png in Resources */,
				67755E90173F649700A25B03 /* tarbar_icon-01.png in Resources */,
				6709D49C1800502000A0DC68 /* tarbar_icon_outline-01.png in Resources */,
				6709D4A11800502000A0DC68 /* tarbar_icon_outline-03@2x.png in Resources */,
				6709D4A01800502000A0DC68 /* tarbar_icon_outline-03.png in Resources */,
				67755E91173F649700A25B03 /* tarbar_icon-01@2x.png in Resources */,
				6709D47D1800472500A0DC68 /* flogo@2x.png in Resources */,
				670B189518007A4300F71545 /* normal_outline.png in Resources */,
				67CC298B18017EF3006C7E65 /* Images.xcassets in Resources */,
				67755E92173F649700A25B03 /* tarbar_icon-02.png in Resources */,
				67755E93173F649700A25B03 /* tarbar_icon-02@2x.png in Resources */,
				67755E94173F649700A25B03 /* tarbar_icon-03.png in Resources */,
				67755E95173F649700A25B03 /* tarbar_icon-03@2x.png in Resources */,
				67755E96173F649700A25B03 /* tarbar_icon-04.png in Resources */,
				67755E97173F649700A25B03 /* tarbar_icon-04@2x.png in Resources */,
				67755E98173F649700A25B03 /* tarbar_icon-05.png in Resources */,
				6709D4A51800502000A0DC68 /* tarbar_icon_outline-05@2x.png in Resources */,
				67755E99173F649700A25B03 /* tarbar_icon-05@2x.png in Resources */,
				670B18A518007E8E00F71545 /* custom_accessory_outline.png in Resources */,
				6709D474180045C400A0DC68 /* twitter.png in Resources */,
				67755EC0173F767900A25B03 /* Localizable.strings in Resources */,
			);
			runOnlyForDeploymentPostprocessing = 0;
		};
		67DC1E7416F8A28100D73D1E /* Resources */ = {
			isa = PBXResourcesBuildPhase;
			buildActionMask = 2147483647;
			files = (
				67DC1E8316F8A28200D73D1E /* InfoPlist.strings in Resources */,
			);
			runOnlyForDeploymentPostprocessing = 0;
		};
/* End PBXResourcesBuildPhase section */

/* Begin PBXShellScriptBuildPhase section */
		67DC1E7516F8A28100D73D1E /* ShellScript */ = {
			isa = PBXShellScriptBuildPhase;
			buildActionMask = 2147483647;
			files = (
			);
			inputPaths = (
			);
			outputPaths = (
			);
			runOnlyForDeploymentPostprocessing = 0;
			shellPath = /bin/sh;
			shellScript = "# Run the unit tests in this test bundle.\n\"${SYSTEM_DEVELOPER_DIR}/Tools/RunUnitTests\"\n";
		};
/* End PBXShellScriptBuildPhase section */

/* Begin PBXSourcesBuildPhase section */
		67DC1E3F16F8A27600D73D1E /* Sources */ = {
			isa = PBXSourcesBuildPhase;
			buildActionMask = 2147483647;
			files = (
				67DC1E5316F8A27900D73D1E /* main.m in Sources */,
				67DC1E5716F8A27A00D73D1E /* AppDelegate.m in Sources */,
				679044C216F9F542002D29FA /* PlaceViewController.m in Sources */,
				679044C516F9F592002D29FA /* SongViewController.m in Sources */,
				6703132616FA29E40023462C /* LiveReportDAO.m in Sources */,
				6703132C16FEEA900023462C /* ToggleImageControl.m in Sources */,
				6703135516FEF6270023462C /* PrettyCustomViewTableViewCell.m in Sources */,
				6703135616FEF6270023462C /* PrettyGridTableViewCell.m in Sources */,
				6703135716FEF6270023462C /* PrettySegmentedControlTableViewCell.m in Sources */,
				6703135816FEF6270023462C /* PrettyTableViewCell.m in Sources */,
				6703135916FEF6270023462C /* PrettyDrawing.m in Sources */,
				6703135A16FEF6270023462C /* PrettyNavigationBar.m in Sources */,
				6703135B16FEF6270023462C /* PrettyShadowPlainTableview.m in Sources */,
				6703135C16FEF6270023462C /* PrettyTabBar.m in Sources */,
				6703135D16FEF6270023462C /* PrettyToolbar.m in Sources */,
				6703136D16FEF6390023462C /* FMDatabase.m in Sources */,
				6703136E16FEF6390023462C /* FMDatabaseAdditions.m in Sources */,
				6703136F16FEF6390023462C /* FMDatabasePool.m in Sources */,
				6703137016FEF6390023462C /* FMDatabaseQueue.m in Sources */,
				6703137116FEF6390023462C /* FMResultSet.m in Sources */,
				6703137816FF007F0023462C /* ImageUtil.m in Sources */,
				6703138316FF22550023462C /* PostInfoUtil.m in Sources */,
				6703138616FF47FF0023462C /* PlaceToggleControl.m in Sources */,
				6703138916FF48AA0023462C /* SongToggleControl.m in Sources */,
				677C90901703A2DE003E549D /* UIImage+Resize.m in Sources */,
				677C90931703A912003E549D /* SocialViewController.m in Sources */,
				677C90961703A934003E549D /* PostListViewController.m in Sources */,
				677C90991703A942003E549D /* InfoViewController.m in Sources */,
				677C909F1703ADA8003E549D /* SongDetailViewController.m in Sources */,
				677C91061703F758003E549D /* EGORefreshTableHeaderView.m in Sources */,
				677C91321704154D003E549D /* TweetData.m in Sources */,
				677C913617041646003E549D /* TwitterTableViewCell.m in Sources */,
				6782427D17042C9900482B88 /* HttpClient.m in Sources */,
				6709D47118001C1900A0DC68 /* UIDevice+VersionCheck_h.m in Sources */,
				6782427E17042C9900482B88 /* ImageDownloader.m in Sources */,
				6782427F17042C9900482B88 /* ImageStore.m in Sources */,
				6782428017042C9900482B88 /* StringHelper.m in Sources */,
			);
			runOnlyForDeploymentPostprocessing = 0;
		};
		67DC1E7216F8A28100D73D1E /* Sources */ = {
			isa = PBXSourcesBuildPhase;
			buildActionMask = 2147483647;
			files = (
				67DC1E8616F8A28300D73D1E /* LiveReport2013Tests.m in Sources */,
			);
			runOnlyForDeploymentPostprocessing = 0;
		};
/* End PBXSourcesBuildPhase section */

/* Begin PBXTargetDependency section */
		67DC1E7D16F8A28100D73D1E /* PBXTargetDependency */ = {
			isa = PBXTargetDependency;
			target = 67DC1E4216F8A27600D73D1E /* LiveReport2013 */;
			targetProxy = 67DC1E7C16F8A28100D73D1E /* PBXContainerItemProxy */;
		};
/* End PBXTargetDependency section */

/* Begin PBXVariantGroup section */
		67755EC2173F767900A25B03 /* Localizable.strings */ = {
			isa = PBXVariantGroup;
			children = (
				67755EC1173F767900A25B03 /* en */,
				67755EC3173F768100A25B03 /* ja */,
			);
			name = Localizable.strings;
			sourceTree = "<group>";
		};
		67DC1E4F16F8A27900D73D1E /* InfoPlist.strings */ = {
			isa = PBXVariantGroup;
			children = (
				67DC1E5016F8A27900D73D1E /* en */,
				67755EBC173F751100A25B03 /* ja */,
			);
			name = InfoPlist.strings;
			sourceTree = "<group>";
		};
		67DC1E5E16F8A27D00D73D1E /* MainStoryboard_iPhone.storyboard */ = {
			isa = PBXVariantGroup;
			children = (
				67DC1E5F16F8A27D00D73D1E /* en */,
				67755EBA173F751100A25B03 /* ja */,
			);
			name = MainStoryboard_iPhone.storyboard;
			sourceTree = "<group>";
		};
		67DC1E6116F8A27D00D73D1E /* MainStoryboard_iPad.storyboard */ = {
			isa = PBXVariantGroup;
			children = (
				67DC1E6216F8A27D00D73D1E /* en */,
				67755EBB173F751100A25B03 /* ja */,
			);
			name = MainStoryboard_iPad.storyboard;
			sourceTree = "<group>";
		};
		67DC1E8116F8A28200D73D1E /* InfoPlist.strings */ = {
			isa = PBXVariantGroup;
			children = (
				67DC1E8216F8A28200D73D1E /* en */,
				67755EBD173F751200A25B03 /* ja */,
			);
			name = InfoPlist.strings;
			sourceTree = "<group>";
		};
/* End PBXVariantGroup section */

/* Begin XCBuildConfiguration section */
		67755EC4173F7B8300A25B03 /* Distribution */ = {
			isa = XCBuildConfiguration;
			buildSettings = {
				ALWAYS_SEARCH_USER_PATHS = NO;
				CLANG_CXX_LANGUAGE_STANDARD = "gnu++0x";
				CLANG_CXX_LIBRARY = "libc++";
				CLANG_ENABLE_OBJC_ARC = YES;
				CLANG_WARN_CONSTANT_CONVERSION = YES;
				CLANG_WARN_EMPTY_BODY = YES;
				CLANG_WARN_ENUM_CONVERSION = YES;
				CLANG_WARN_INT_CONVERSION = YES;
				CLANG_WARN__DUPLICATE_METHOD_MATCH = YES;
				CODE_SIGN_IDENTITY = "iPhone Distribution: Masamichi Ueta";
				"CODE_SIGN_IDENTITY[sdk=iphoneos*]" = "iPhone Distribution: Masamichi Ueta";
				COPY_PHASE_STRIP = YES;
				GCC_C_LANGUAGE_STANDARD = gnu99;
				GCC_WARN_ABOUT_RETURN_TYPE = YES;
				GCC_WARN_UNINITIALIZED_AUTOS = YES;
				GCC_WARN_UNUSED_VARIABLE = YES;
				IPHONEOS_DEPLOYMENT_TARGET = 6.0;
				OTHER_CFLAGS = "-DNS_BLOCK_ASSERTIONS=1";
				PROVISIONING_PROFILE = "DE2B0E85-916C-4750-8420-528E93072BFB";
				"PROVISIONING_PROFILE[sdk=iphoneos*]" = "7C80A0A8-A28F-4082-8400-8CCD101237C8";
				SDKROOT = iphoneos;
				TARGETED_DEVICE_FAMILY = "1,2";
				VALIDATE_PRODUCT = YES;
			};
			name = Distribution;
		};
		67755EC5173F7B8300A25B03 /* Distribution */ = {
			isa = XCBuildConfiguration;
			buildSettings = {
				ASSETCATALOG_COMPILER_APPICON_NAME = AppIcon;
				ASSETCATALOG_COMPILER_LAUNCHIMAGE_NAME = LaunchImage;
				CODE_SIGN_IDENTITY = "iPhone Developer";
				"CODE_SIGN_IDENTITY[sdk=iphoneos*]" = "iPhone Developer";
				FRAMEWORK_SEARCH_PATHS = (
					"$(inherited)",
					"\"$(SRCROOT)/../../../Documents/FacebookSDK\"",
				);
				GCC_PRECOMPILE_PREFIX_HEADER = YES;
				GCC_PREFIX_HEADER = "LiveReport2013/LiveReport2013-Prefix.pch";
				INFOPLIST_FILE = "LiveReport2013/LiveReport2013-Info.plist";
				IPHONEOS_DEPLOYMENT_TARGET = 6.0;
				OTHER_LDFLAGS = "-lsqlite3.0";
				PRODUCT_NAME = "$(TARGET_NAME)";
				PROVISIONING_PROFILE = "";
				"PROVISIONING_PROFILE[sdk=iphoneos*]" = "7C80A0A8-A28F-4082-8400-8CCD101237C8";
				TARGETED_DEVICE_FAMILY = 1;
				WRAPPER_EXTENSION = app;
			};
			name = Distribution;
		};
		67755EC6173F7B8300A25B03 /* Distribution */ = {
			isa = XCBuildConfiguration;
			buildSettings = {
				BUNDLE_LOADER = "$(BUILT_PRODUCTS_DIR)/LiveReport2013.app/LiveReport2013";
				FRAMEWORK_SEARCH_PATHS = (
					"\"$(SDKROOT)/Developer/Library/Frameworks\"",
					"\"$(DEVELOPER_LIBRARY_DIR)/Frameworks\"",
				);
				GCC_PRECOMPILE_PREFIX_HEADER = YES;
				GCC_PREFIX_HEADER = "LiveReport2013/LiveReport2013-Prefix.pch";
				INFOPLIST_FILE = "LiveReport2013Tests/LiveReport2013Tests-Info.plist";
				PRODUCT_NAME = "$(TARGET_NAME)";
				TEST_HOST = "$(BUNDLE_LOADER)";
				WRAPPER_EXTENSION = octest;
			};
			name = Distribution;
		};
		67DC1E8716F8A28300D73D1E /* Debug */ = {
			isa = XCBuildConfiguration;
			buildSettings = {
				ALWAYS_SEARCH_USER_PATHS = NO;
				CLANG_CXX_LANGUAGE_STANDARD = "gnu++0x";
				CLANG_CXX_LIBRARY = "libc++";
				CLANG_ENABLE_OBJC_ARC = YES;
				CLANG_WARN_CONSTANT_CONVERSION = YES;
				CLANG_WARN_EMPTY_BODY = YES;
				CLANG_WARN_ENUM_CONVERSION = YES;
				CLANG_WARN_INT_CONVERSION = YES;
				CLANG_WARN__DUPLICATE_METHOD_MATCH = YES;
				CODE_SIGN_IDENTITY = "iPhone Developer";
				"CODE_SIGN_IDENTITY[sdk=iphoneos*]" = "iPhone Developer";
				COPY_PHASE_STRIP = NO;
				GCC_C_LANGUAGE_STANDARD = gnu99;
				GCC_DYNAMIC_NO_PIC = NO;
				GCC_OPTIMIZATION_LEVEL = 0;
				GCC_PREPROCESSOR_DEFINITIONS = (
					"DEBUG=1",
					"$(inherited)",
				);
				GCC_SYMBOLS_PRIVATE_EXTERN = NO;
				GCC_WARN_ABOUT_RETURN_TYPE = YES;
				GCC_WARN_UNINITIALIZED_AUTOS = YES;
				GCC_WARN_UNUSED_VARIABLE = YES;
				IPHONEOS_DEPLOYMENT_TARGET = 6.0;
				ONLY_ACTIVE_ARCH = YES;
				PROVISIONING_PROFILE = "";
				SDKROOT = iphoneos;
				TARGETED_DEVICE_FAMILY = "1,2";
			};
			name = Debug;
		};
		67DC1E8816F8A28300D73D1E /* Release */ = {
			isa = XCBuildConfiguration;
			buildSettings = {
				ALWAYS_SEARCH_USER_PATHS = NO;
				CLANG_CXX_LANGUAGE_STANDARD = "gnu++0x";
				CLANG_CXX_LIBRARY = "libc++";
				CLANG_ENABLE_OBJC_ARC = YES;
				CLANG_WARN_CONSTANT_CONVERSION = YES;
				CLANG_WARN_EMPTY_BODY = YES;
				CLANG_WARN_ENUM_CONVERSION = YES;
				CLANG_WARN_INT_CONVERSION = YES;
				CLANG_WARN__DUPLICATE_METHOD_MATCH = YES;
				CODE_SIGN_IDENTITY = "iPhone Developer";
				"CODE_SIGN_IDENTITY[sdk=iphoneos*]" = "iPhone Developer";
				COPY_PHASE_STRIP = YES;
				GCC_C_LANGUAGE_STANDARD = gnu99;
				GCC_WARN_ABOUT_RETURN_TYPE = YES;
				GCC_WARN_UNINITIALIZED_AUTOS = YES;
				GCC_WARN_UNUSED_VARIABLE = YES;
				IPHONEOS_DEPLOYMENT_TARGET = 6.0;
				OTHER_CFLAGS = "-DNS_BLOCK_ASSERTIONS=1";
				PROVISIONING_PROFILE = "";
				SDKROOT = iphoneos;
				TARGETED_DEVICE_FAMILY = "1,2";
				VALIDATE_PRODUCT = YES;
			};
			name = Release;
		};
		67DC1E8A16F8A28300D73D1E /* Debug */ = {
			isa = XCBuildConfiguration;
			buildSettings = {
				ASSETCATALOG_COMPILER_APPICON_NAME = AppIcon;
				ASSETCATALOG_COMPILER_LAUNCHIMAGE_NAME = LaunchImage;
				CODE_SIGN_IDENTITY = "iPhone Developer";
				"CODE_SIGN_IDENTITY[sdk=iphoneos*]" = "iPhone Developer";
				FRAMEWORK_SEARCH_PATHS = (
					"$(inherited)",
					"\"$(SRCROOT)/../../../Documents/FacebookSDK\"",
				);
				GCC_PRECOMPILE_PREFIX_HEADER = YES;
				GCC_PREFIX_HEADER = "LiveReport2013/LiveReport2013-Prefix.pch";
				INFOPLIST_FILE = "LiveReport2013/LiveReport2013-Info.plist";
				IPHONEOS_DEPLOYMENT_TARGET = 6.0;
				OTHER_LDFLAGS = "-lsqlite3.0";
				PRODUCT_NAME = "$(TARGET_NAME)";
				PROVISIONING_PROFILE = "8B5AE951-B3FF-432A-AC75-7FB589D5738C";
				"PROVISIONING_PROFILE[sdk=iphoneos*]" = "8B5AE951-B3FF-432A-AC75-7FB589D5738C";
				TARGETED_DEVICE_FAMILY = 1;
				WRAPPER_EXTENSION = app;
			};
			name = Debug;
		};
		67DC1E8B16F8A28300D73D1E /* Release */ = {
			isa = XCBuildConfiguration;
			buildSettings = {
				ASSETCATALOG_COMPILER_APPICON_NAME = AppIcon;
				ASSETCATALOG_COMPILER_LAUNCHIMAGE_NAME = LaunchImage;
				CODE_SIGN_IDENTITY = "iPhone Developer";
				"CODE_SIGN_IDENTITY[sdk=iphoneos*]" = "iPhone Developer";
				FRAMEWORK_SEARCH_PATHS = (
					"$(inherited)",
					"\"$(SRCROOT)/../../../Documents/FacebookSDK\"",
				);
				GCC_PRECOMPILE_PREFIX_HEADER = YES;
				GCC_PREFIX_HEADER = "LiveReport2013/LiveReport2013-Prefix.pch";
				INFOPLIST_FILE = "LiveReport2013/LiveReport2013-Info.plist";
				IPHONEOS_DEPLOYMENT_TARGET = 6.0;
				OTHER_LDFLAGS = "-lsqlite3.0";
				PRODUCT_NAME = "$(TARGET_NAME)";
				PROVISIONING_PROFILE = "8B5AE951-B3FF-432A-AC75-7FB589D5738C";
				TARGETED_DEVICE_FAMILY = 1;
				WRAPPER_EXTENSION = app;
			};
			name = Release;
		};
		67DC1E8D16F8A28300D73D1E /* Debug */ = {
			isa = XCBuildConfiguration;
			buildSettings = {
				BUNDLE_LOADER = "$(BUILT_PRODUCTS_DIR)/LiveReport2013.app/LiveReport2013";
				FRAMEWORK_SEARCH_PATHS = (
					"\"$(SDKROOT)/Developer/Library/Frameworks\"",
					"\"$(DEVELOPER_LIBRARY_DIR)/Frameworks\"",
				);
				GCC_PRECOMPILE_PREFIX_HEADER = YES;
				GCC_PREFIX_HEADER = "LiveReport2013/LiveReport2013-Prefix.pch";
				INFOPLIST_FILE = "LiveReport2013Tests/LiveReport2013Tests-Info.plist";
				PRODUCT_NAME = "$(TARGET_NAME)";
				TEST_HOST = "$(BUNDLE_LOADER)";
				WRAPPER_EXTENSION = octest;
			};
			name = Debug;
		};
		67DC1E8E16F8A28300D73D1E /* Release */ = {
			isa = XCBuildConfiguration;
			buildSettings = {
				BUNDLE_LOADER = "$(BUILT_PRODUCTS_DIR)/LiveReport2013.app/LiveReport2013";
				FRAMEWORK_SEARCH_PATHS = (
					"\"$(SDKROOT)/Developer/Library/Frameworks\"",
					"\"$(DEVELOPER_LIBRARY_DIR)/Frameworks\"",
				);
				GCC_PRECOMPILE_PREFIX_HEADER = YES;
				GCC_PREFIX_HEADER = "LiveReport2013/LiveReport2013-Prefix.pch";
				INFOPLIST_FILE = "LiveReport2013Tests/LiveReport2013Tests-Info.plist";
				PRODUCT_NAME = "$(TARGET_NAME)";
				TEST_HOST = "$(BUNDLE_LOADER)";
				WRAPPER_EXTENSION = octest;
			};
			name = Release;
		};
/* End XCBuildConfiguration section */

/* Begin XCConfigurationList section */
		67DC1E3E16F8A27600D73D1E /* Build configuration list for PBXProject "LiveReport2013" */ = {
			isa = XCConfigurationList;
			buildConfigurations = (
				67DC1E8716F8A28300D73D1E /* Debug */,
				67DC1E8816F8A28300D73D1E /* Release */,
				67755EC4173F7B8300A25B03 /* Distribution */,
			);
			defaultConfigurationIsVisible = 0;
			defaultConfigurationName = Release;
		};
		67DC1E8916F8A28300D73D1E /* Build configuration list for PBXNativeTarget "LiveReport2013" */ = {
			isa = XCConfigurationList;
			buildConfigurations = (
				67DC1E8A16F8A28300D73D1E /* Debug */,
				67DC1E8B16F8A28300D73D1E /* Release */,
				67755EC5173F7B8300A25B03 /* Distribution */,
			);
			defaultConfigurationIsVisible = 0;
			defaultConfigurationName = Release;
		};
		67DC1E8C16F8A28300D73D1E /* Build configuration list for PBXNativeTarget "LiveReport2013Tests" */ = {
			isa = XCConfigurationList;
			buildConfigurations = (
				67DC1E8D16F8A28300D73D1E /* Debug */,
				67DC1E8E16F8A28300D73D1E /* Release */,
				67755EC6173F7B8300A25B03 /* Distribution */,
			);
			defaultConfigurationIsVisible = 0;
			defaultConfigurationName = Release;
		};
/* End XCConfigurationList section */
	};
	rootObject = 67DC1E3B16F8A27600D73D1E /* Project object */;
}
